{
  "version": 4,
  "terraform_version": "1.7.5",
  "serial": 10,
  "lineage": "4ae4c46d-7f0c-4c00-6ef7-b6b1e821d313",
  "outputs": {},
  "resources": [
    {
      "mode": "managed",
      "type": "digitalocean_database_cluster",
      "name": "db-cluster",
      "provider": "provider[\"registry.terraform.io/digitalocean/digitalocean\"]",
      "instances": [
        {
          "schema_version": 0,
          "attributes": {
            "backup_restore": [],
            "database": "defaultdb",
            "engine": "pg",
            "eviction_policy": null,
            "host": "nlw-unite-do-user-11264281-0.c.db.ondigitalocean.com",
            "id": "19da934d-6bdb-486f-9656-f89a8fef5096",
            "maintenance_window": [],
            "name": "nlw-unite",
            "node_count": 1,
            "password": "AVNS_qOE8s7emeybV0I0uxob",
            "port": 25060,
            "private_host": "private-nlw-unite-do-user-11264281-0.c.db.ondigitalocean.com",
            "private_network_uuid": "b01a1196-4833-48a9-84d0-c60ec711f797",
            "private_uri": "postgresql://doadmin:AVNS_qOE8s7emeybV0I0uxob@private-nlw-unite-do-user-11264281-0.c.db.ondigitalocean.com:25060/defaultdb?sslmode=require",
            "project_id": "8b5a5811-3cc8-4db4-806c-3dced97e6e53",
            "region": "nyc1",
            "size": "db-s-1vcpu-1gb",
            "sql_mode": null,
            "storage_size_mib": "10240",
            "tags": [],
            "timeouts": null,
            "uri": "postgresql://doadmin:AVNS_qOE8s7emeybV0I0uxob@nlw-unite-do-user-11264281-0.c.db.ondigitalocean.com:25060/defaultdb?sslmode=require",
            "urn": "do:dbaas:19da934d-6bdb-486f-9656-f89a8fef5096",
            "user": "doadmin",
            "version": "16"
          },
          "sensitive_attributes": [],
          "private": "eyJlMmJmYjczMC1lY2FhLTExZTYtOGY4OC0zNDM2M2JjN2M0YzAiOnsiY3JlYXRlIjoxODAwMDAwMDAwMDAwfX0="
        }
      ]
    },
    {
      "mode": "managed",
      "type": "digitalocean_database_db",
      "name": "db-name",
      "provider": "provider[\"registry.terraform.io/digitalocean/digitalocean\"]",
      "instances": [
        {
          "schema_version": 0,
          "attributes": {
            "cluster_id": "19da934d-6bdb-486f-9656-f89a8fef5096",
            "id": "19da934d-6bdb-486f-9656-f89a8fef5096/database/nlw-unite",
            "name": "nlw-unite"
          },
          "sensitive_attributes": [],
          "private": "bnVsbA==",
          "dependencies": [
            "digitalocean_database_cluster.db-cluster"
          ]
        }
      ]
    },
    {
      "mode": "managed",
      "type": "digitalocean_kubernetes_cluster",
      "name": "passin",
      "provider": "provider[\"registry.terraform.io/digitalocean/digitalocean\"]",
      "instances": [
        {
          "schema_version": 3,
          "attributes": {
            "auto_upgrade": false,
            "cluster_subnet": "10.244.0.0/16",
            "created_at": "2024-04-04 18:29:54 +0000 UTC",
            "destroy_all_associated_resources": false,
            "endpoint": "https://2fa824a9-dfce-44a4-b420-34cb435addad.k8s.ondigitalocean.com",
            "ha": false,
            "id": "2fa824a9-dfce-44a4-b420-34cb435addad",
            "ipv4_address": "",
            "kube_config": [
              {
                "client_certificate": "",
                "client_key": "",
                "cluster_ca_certificate": "LS0tLS1CRUdJTiBDRVJUSUZJQ0FURS0tLS0tCk1JSURKekNDQWcrZ0F3SUJBZ0lDQm5Vd0RRWUpLb1pJaHZjTkFRRUxCUUF3TXpFVk1CTUdBMVVFQ2hNTVJHbG4KYVhSaGJFOWpaV0Z1TVJvd0dBWURWUVFERXhGck9ITmhZWE1nUTJ4MWMzUmxjaUJEUVRBZUZ3MHlOREEwTURReApPRE13TURSYUZ3MDBOREEwTURReE9ETXdNRFJhTURNeEZUQVRCZ05WQkFvVERFUnBaMmwwWVd4UFkyVmhiakVhCk1CZ0dBMVVFQXhNUmF6aHpZV0Z6SUVOc2RYTjBaWElnUTBFd2dnRWlNQTBHQ1NxR1NJYjNEUUVCQVFVQUE0SUIKRHdBd2dnRUtBb0lCQVFDNktxbUM0MTc0ZWV1RUtHemZtYkwwWXh6VWVHZTk5Ym5lclRVM1AwbVJ2a0labGlYagpUeFhpY2tUMWg2OHk1Q3BtUFlUcjNGV1hTRkhsdUpLaGJIVzl1a3l6c2lERzNMdG5qTDEwWVpmbVFTbSsxeDc2CjcxN0dYNzVjQnRWNU5TNDMzc1JNWThFRk53WFFrY2FsdWtua09KN0FJRTZmMi93Vk5nY2IrWlRvOFlNNTRBd2kKdUhrWml6UlJ6TkZCVUsraXdBeHFtNTZZYVBiQXZEZHYwRFFlVWx5alNkUmR4UG1aRml3MGNYUXo5MGI5OFF1TApuWk1SaFFTSUdKVVNsUGphK0sxdXMwd0dPSE9xd1JiQmJ0VWVEWTdUVGQ1SWFFdDRrQlRUVjI4UkVnMjZva0w4Cis3WGVHSk43M3V2RlNsUUtTenR2Y1h3cmJVeFdUT2h6N20yM0FnTUJBQUdqUlRCRE1BNEdBMVVkRHdFQi93UUUKQXdJQmhqQVNCZ05WSFJNQkFmOEVDREFHQVFIL0FnRUFNQjBHQTFVZERnUVdCQlFDTFVuYWpDMmNMY1ZsUjZBcwpyWWhCaWgvc2hqQU5CZ2txaGtpRzl3MEJBUXNGQUFPQ0FRRUFzanUzZ3hGWFZqT2VZK1pBR2NkOXUxV3dsajJyCitLRkNpREdEK3Z1ZG5nOU40VVp5VEEyaGNobkpRa1VBSzVmRTlSTm9JQ2J4NGNYcUcwdUtMa05RMEIzdDMrc2oKUHZ0OU1wWkRadS9QTWV0cktlSXVtRUpiQ2pyK2ovYlZCbVFTUnYzRWFTSmdNazJOWmRmdE5KQjlaakZIdnFsNwpMN09ucGYwR1BkZ0VPNlZkOERob1A0c2l5RmNkNkJPb3JSc240WVp6cjFxQ0pJNTFwMXNBMUd5YVVna0dSYlhoCkR1RElXcFBZK3ZGQUk4QU9xTnl0ZWhqZzZJY2U1Y1NtZE5xYUJCVHBRVk1ReTVGYnZkczhuSGJDVWhERVEvcmYKSi9zVEovV2pHSlhQUkZURDZLc2hSdkdHcVV5VXBZcTF0WVdzbHY0VG9odTZEMzgyQjNWYnZpL3ZRdz09Ci0tLS0tRU5EIENFUlRJRklDQVRFLS0tLS0K",
                "expires_at": "2024-04-11T18:35:07Z",
                "host": "https://2fa824a9-dfce-44a4-b420-34cb435addad.k8s.ondigitalocean.com",
                "raw_config": "apiVersion: v1\nkind: Config\nclusters:\n- cluster:\n    certificate-authority-data: LS0tLS1CRUdJTiBDRVJUSUZJQ0FURS0tLS0tCk1JSURKekNDQWcrZ0F3SUJBZ0lDQm5Vd0RRWUpLb1pJaHZjTkFRRUxCUUF3TXpFVk1CTUdBMVVFQ2hNTVJHbG4KYVhSaGJFOWpaV0Z1TVJvd0dBWURWUVFERXhGck9ITmhZWE1nUTJ4MWMzUmxjaUJEUVRBZUZ3MHlOREEwTURReApPRE13TURSYUZ3MDBOREEwTURReE9ETXdNRFJhTURNeEZUQVRCZ05WQkFvVERFUnBaMmwwWVd4UFkyVmhiakVhCk1CZ0dBMVVFQXhNUmF6aHpZV0Z6SUVOc2RYTjBaWElnUTBFd2dnRWlNQTBHQ1NxR1NJYjNEUUVCQVFVQUE0SUIKRHdBd2dnRUtBb0lCQVFDNktxbUM0MTc0ZWV1RUtHemZtYkwwWXh6VWVHZTk5Ym5lclRVM1AwbVJ2a0labGlYagpUeFhpY2tUMWg2OHk1Q3BtUFlUcjNGV1hTRkhsdUpLaGJIVzl1a3l6c2lERzNMdG5qTDEwWVpmbVFTbSsxeDc2CjcxN0dYNzVjQnRWNU5TNDMzc1JNWThFRk53WFFrY2FsdWtua09KN0FJRTZmMi93Vk5nY2IrWlRvOFlNNTRBd2kKdUhrWml6UlJ6TkZCVUsraXdBeHFtNTZZYVBiQXZEZHYwRFFlVWx5alNkUmR4UG1aRml3MGNYUXo5MGI5OFF1TApuWk1SaFFTSUdKVVNsUGphK0sxdXMwd0dPSE9xd1JiQmJ0VWVEWTdUVGQ1SWFFdDRrQlRUVjI4UkVnMjZva0w4Cis3WGVHSk43M3V2RlNsUUtTenR2Y1h3cmJVeFdUT2h6N20yM0FnTUJBQUdqUlRCRE1BNEdBMVVkRHdFQi93UUUKQXdJQmhqQVNCZ05WSFJNQkFmOEVDREFHQVFIL0FnRUFNQjBHQTFVZERnUVdCQlFDTFVuYWpDMmNMY1ZsUjZBcwpyWWhCaWgvc2hqQU5CZ2txaGtpRzl3MEJBUXNGQUFPQ0FRRUFzanUzZ3hGWFZqT2VZK1pBR2NkOXUxV3dsajJyCitLRkNpREdEK3Z1ZG5nOU40VVp5VEEyaGNobkpRa1VBSzVmRTlSTm9JQ2J4NGNYcUcwdUtMa05RMEIzdDMrc2oKUHZ0OU1wWkRadS9QTWV0cktlSXVtRUpiQ2pyK2ovYlZCbVFTUnYzRWFTSmdNazJOWmRmdE5KQjlaakZIdnFsNwpMN09ucGYwR1BkZ0VPNlZkOERob1A0c2l5RmNkNkJPb3JSc240WVp6cjFxQ0pJNTFwMXNBMUd5YVVna0dSYlhoCkR1RElXcFBZK3ZGQUk4QU9xTnl0ZWhqZzZJY2U1Y1NtZE5xYUJCVHBRVk1ReTVGYnZkczhuSGJDVWhERVEvcmYKSi9zVEovV2pHSlhQUkZURDZLc2hSdkdHcVV5VXBZcTF0WVdzbHY0VG9odTZEMzgyQjNWYnZpL3ZRdz09Ci0tLS0tRU5EIENFUlRJRklDQVRFLS0tLS0K\n    server: https://2fa824a9-dfce-44a4-b420-34cb435addad.k8s.ondigitalocean.com\n  name: do-nyc1-passin\ncontexts:\n- context:\n    cluster: do-nyc1-passin\n    user: do-nyc1-passin-admin\n  name: do-nyc1-passin\ncurrent-context: do-nyc1-passin\nusers:\n- name: do-nyc1-passin-admin\n  user:\n    token: dop_v1_ac397d82f6eb8a6f990b3a21392fa02e8bf9c93ed6c296a2bae55fef05fd595b\n",
                "token": "dop_v1_ac397d82f6eb8a6f990b3a21392fa02e8bf9c93ed6c296a2bae55fef05fd595b"
              }
            ],
            "maintenance_policy": [
              {
                "day": "any",
                "duration": "4h0m0s",
                "start_time": "4:00"
              }
            ],
            "name": "passin",
            "node_pool": [
              {
                "actual_node_count": 5,
                "auto_scale": false,
                "id": "645b7c67-4da7-4f0a-9668-d0d13651c8ee",
                "labels": {},
                "max_nodes": 0,
                "min_nodes": 0,
                "name": "node-pool",
                "node_count": 5,
                "nodes": [
                  {
                    "created_at": "2024-04-04 18:29:54 +0000 UTC",
                    "droplet_id": "410939002",
                    "id": "bf3a0b26-e38d-46cb-ae32-c3587b74c860",
                    "name": "node-pool-jqzyq",
                    "status": "running",
                    "updated_at": "2024-04-04 18:32:05 +0000 UTC"
                  },
                  {
                    "created_at": "2024-04-04 18:29:54 +0000 UTC",
                    "droplet_id": "410939004",
                    "id": "eb522cff-4650-4e57-a29a-a53921de5161",
                    "name": "node-pool-jqzyf",
                    "status": "running",
                    "updated_at": "2024-04-04 18:31:26 +0000 UTC"
                  },
                  {
                    "created_at": "2024-04-04 18:29:54 +0000 UTC",
                    "droplet_id": "410939003",
                    "id": "bdd80bf2-2a4b-412a-91cd-ed644f12745c",
                    "name": "node-pool-jqzyy",
                    "status": "running",
                    "updated_at": "2024-04-04 18:32:05 +0000 UTC"
                  },
                  {
                    "created_at": "2024-04-04 19:12:35 +0000 UTC",
                    "droplet_id": "410945952",
                    "id": "85af6921-bcd0-4e27-b808-09b61a525f53",
                    "name": "node-pool-jq9cr",
                    "status": "running",
                    "updated_at": "2024-04-04 19:13:14 +0000 UTC"
                  },
                  {
                    "created_at": "2024-04-04 19:12:35 +0000 UTC",
                    "droplet_id": "410945951",
                    "id": "8f75d768-ed79-406f-b265-fabe4a172d40",
                    "name": "node-pool-jq9cb",
                    "status": "running",
                    "updated_at": "2024-04-04 19:13:14 +0000 UTC"
                  }
                ],
                "size": "s-1vcpu-2gb",
                "tags": [],
                "taint": []
              }
            ],
            "region": "nyc1",
            "registry_integration": false,
            "service_subnet": "10.245.0.0/16",
            "status": "running",
            "surge_upgrade": true,
            "tags": [],
            "timeouts": null,
            "updated_at": "2024-04-04 19:13:54 +0000 UTC",
            "urn": "do:kubernetes:2fa824a9-dfce-44a4-b420-34cb435addad",
            "version": "1.29.1-do.0",
            "vpc_uuid": "b01a1196-4833-48a9-84d0-c60ec711f797"
          },
          "sensitive_attributes": [],
          "private": "eyJlMmJmYjczMC1lY2FhLTExZTYtOGY4OC0zNDM2M2JjN2M0YzAiOnsiY3JlYXRlIjoxODAwMDAwMDAwMDAwfSwic2NoZW1hX3ZlcnNpb24iOiIzIn0="
        }
      ]
    }
  ],
  "check_results": null
}
