{
  "version": 4,
  "terraform_version": "1.7.5",
  "serial": 16,
  "lineage": "16416ea1-9126-658a-68e9-8ba26cb969ef",
  "outputs": {
    "Cluster": {
      "value": {
        "id": "ocid1.cluster.oc1.iad.aaaaaaaabkuoow2qvqphsxooyq3v7ifuqiqka7kvuoxrahavxcf75f2ki33q",
        "kubernetes_version": "v1.29.1",
        "name": "Passin"
      },
      "type": [
        "object",
        {
          "id": "string",
          "kubernetes_version": "string",
          "name": "string"
        }
      ]
    },
    "KubeConfig": {
      "value": "---\napiVersion: v1\nkind: \"\"\nclusters:\n- name: cluster-cf75f2ki33q\n  cluster:\n    server: https://129.80.206.253:6443\n    certificate-authority-data: LS0tLS1CRUdJTiBDRVJUSUZJQ0FURS0tLS0tCk1JSURpVENDQW5HZ0F3SUJBZ0lSQUt6UUZxQ0pWRkJPRGFtME5MZ2FVWmt3RFFZSktvWklodmNOQVFFTEJRQXcKWGpFUE1BMEdBMVVFQXd3R1N6aHpJRU5CTVFzd0NRWURWUVFHRXdKVlV6RVBNQTBHQTFVRUJ3d0dRWFZ6ZEdsdQpNUTh3RFFZRFZRUUtEQVpQY21GamJHVXhEREFLQmdOVkJBc01BMDlqYVRFT01Bd0dBMVVFQ0F3RlZHVjRZWE13CkhoY05NalF3TkRFek1UVXhNekkyV2hjTk1qa3dOREV6TVRVeE16STJXakJlTVE4d0RRWURWUVFEREFaTE9ITWcKUTBFeEN6QUpCZ05WQkFZVEFsVlRNUTh3RFFZRFZRUUhEQVpCZFhOMGFXNHhEekFOQmdOVkJBb01Cazl5WVdOcwpaVEVNTUFvR0ExVUVDd3dEVDJOcE1RNHdEQVlEVlFRSURBVlVaWGhoY3pDQ0FTSXdEUVlKS29aSWh2Y05BUUVCCkJRQURnZ0VQQURDQ0FRb0NnZ0VCQU1rbFRxNEJhdU9xV1FmKzF0cUNYNVFjUzhSd2xuWWNSckRUb1FIT21rWGIKWEpvNWhHc1hERmpVR3ZSQUxySlZyTTRNUjZEdHJ1NjRtTzlUb3FWTGpvL0lmWG5HMFN3MjJxM0ZqQmpXRXYzZwp5andOM1MvbWNrL28xUGViNmt4WnRFbjRacmVIdHU5TlBPSXVhcjRkS1ZGREQwL2dzb252NHlJc0ZCT3VZRkQvClV3ekFHeFZRLzE2bDltSW9Lc2dkSUhtRk44VC82MmowVVJDc05jQ2NwZElnNzIrVDg1M1UxRXlCNFV5SEI1aEMKYkNSbU1GTnJsSkc2QW1UL0M0emdhR3RaNXZBb2dLMjBsOHlhRGhaNnJDbTQ3Y1dwM0lTV1pVcXZBZUhqbFcrSApFbk40dmFGZm9sUTJaRm1wZThtWVBha3BSQmFBN09jK3phTXFpcUlVSjIwQ0F3RUFBYU5DTUVBd0R3WURWUjBUCkFRSC9CQVV3QXdFQi96QU9CZ05WSFE4QkFmOEVCQU1DQVFZd0hRWURWUjBPQkJZRUZNQ0lQU3ozNEJhNlJhWXkKdkFoZU1qdUpEUzQwTUEwR0NTcUdTSWIzRFFFQkN3VUFBNElCQVFCbVpzMlRwcEdVUHc0OU1JOEUwelB2MUdLaApqSFVaUFhyaXVFUjNjNU1ZNzRFUlJmZklMZWYvcElsMTlXcnBWZWhhRFVRL2dvNU11dmppMFlJOGtHeW9IcWNZCm81YkxZWXZ6UU1hakpUaVN4L3VtSkdxRzUxS0VGUEMrYklFMXdVRVUrcEp0Rk94eTYvUWxkU3l5NWlLNEs4RUcKR2xZeUFHTTdmNVppVGZQMVZZMWlWV1dGcklRMWI4cE1DWG56T05Ya0huZ1BIa1l0VVhBQkhUbER2d09vSWFIVgpQMm9DOEJVazRkSUp2SzZreVJ1TlZreWxkb2NzWlJ0eFZ2dnVPeXVUQ3diSGNyY1N6ZFNKTDBlOThSZ2RUTFlJCk9MeUlYek5EOC9ZNkNrQTk4NFVlUGpNdUo4b215VFltdDVCcDB5NytrTFlPMHlJaU5nbUFvS2VPK3FhSQotLS0tLUVORCBDRVJUSUZJQ0FURS0tLS0tCg==\nusers:\n- name: user-cf75f2ki33q\n  user:\n    exec:\n      apiVersion: client.authentication.k8s.io/v1beta1\n      command: oci\n      args:\n      - ce\n      - cluster\n      - generate-token\n      - --cluster-id\n      - ocid1.cluster.oc1.iad.aaaaaaaabkuoow2qvqphsxooyq3v7ifuqiqka7kvuoxrahavxcf75f2ki33q\n      - --region\n      - us-ashburn-1\n      env: []\ncontexts:\n- name: context-cf75f2ki33q\n  context:\n    cluster: cluster-cf75f2ki33q\n    user: user-cf75f2ki33q\ncurrent-context: context-cf75f2ki33q\n",
      "type": "string"
    },
    "NodePool": {
      "value": {
        "id": "ocid1.nodepool.oc1.iad.aaaaaaaam2p6saxgyfa344cxus7elqt7rok3v3drtrplzno3ontr5hhgcwwq",
        "kubernetes_version": "v1.29.1",
        "name": "Passin-pool"
      },
      "type": [
        "object",
        {
          "id": "string",
          "kubernetes_version": "string",
          "name": "string"
        }
      ]
    }
  },
  "resources": [
    {
      "module": "module.oci-oke",
      "mode": "data",
      "type": "oci_containerengine_cluster_kube_config",
      "name": "KubeConfig",
      "provider": "provider[\"registry.terraform.io/oracle/oci\"]",
      "instances": [
        {
          "schema_version": 0,
          "attributes": {
            "cluster_id": "ocid1.cluster.oc1.iad.aaaaaaaabkuoow2qvqphsxooyq3v7ifuqiqka7kvuoxrahavxcf75f2ki33q",
            "content": "---\napiVersion: v1\nkind: \"\"\nclusters:\n- name: cluster-cf75f2ki33q\n  cluster:\n    server: https://129.80.206.253:6443\n    certificate-authority-data: LS0tLS1CRUdJTiBDRVJUSUZJQ0FURS0tLS0tCk1JSURpVENDQW5HZ0F3SUJBZ0lSQUt6UUZxQ0pWRkJPRGFtME5MZ2FVWmt3RFFZSktvWklodmNOQVFFTEJRQXcKWGpFUE1BMEdBMVVFQXd3R1N6aHpJRU5CTVFzd0NRWURWUVFHRXdKVlV6RVBNQTBHQTFVRUJ3d0dRWFZ6ZEdsdQpNUTh3RFFZRFZRUUtEQVpQY21GamJHVXhEREFLQmdOVkJBc01BMDlqYVRFT01Bd0dBMVVFQ0F3RlZHVjRZWE13CkhoY05NalF3TkRFek1UVXhNekkyV2hjTk1qa3dOREV6TVRVeE16STJXakJlTVE4d0RRWURWUVFEREFaTE9ITWcKUTBFeEN6QUpCZ05WQkFZVEFsVlRNUTh3RFFZRFZRUUhEQVpCZFhOMGFXNHhEekFOQmdOVkJBb01Cazl5WVdOcwpaVEVNTUFvR0ExVUVDd3dEVDJOcE1RNHdEQVlEVlFRSURBVlVaWGhoY3pDQ0FTSXdEUVlKS29aSWh2Y05BUUVCCkJRQURnZ0VQQURDQ0FRb0NnZ0VCQU1rbFRxNEJhdU9xV1FmKzF0cUNYNVFjUzhSd2xuWWNSckRUb1FIT21rWGIKWEpvNWhHc1hERmpVR3ZSQUxySlZyTTRNUjZEdHJ1NjRtTzlUb3FWTGpvL0lmWG5HMFN3MjJxM0ZqQmpXRXYzZwp5andOM1MvbWNrL28xUGViNmt4WnRFbjRacmVIdHU5TlBPSXVhcjRkS1ZGREQwL2dzb252NHlJc0ZCT3VZRkQvClV3ekFHeFZRLzE2bDltSW9Lc2dkSUhtRk44VC82MmowVVJDc05jQ2NwZElnNzIrVDg1M1UxRXlCNFV5SEI1aEMKYkNSbU1GTnJsSkc2QW1UL0M0emdhR3RaNXZBb2dLMjBsOHlhRGhaNnJDbTQ3Y1dwM0lTV1pVcXZBZUhqbFcrSApFbk40dmFGZm9sUTJaRm1wZThtWVBha3BSQmFBN09jK3phTXFpcUlVSjIwQ0F3RUFBYU5DTUVBd0R3WURWUjBUCkFRSC9CQVV3QXdFQi96QU9CZ05WSFE4QkFmOEVCQU1DQVFZd0hRWURWUjBPQkJZRUZNQ0lQU3ozNEJhNlJhWXkKdkFoZU1qdUpEUzQwTUEwR0NTcUdTSWIzRFFFQkN3VUFBNElCQVFCbVpzMlRwcEdVUHc0OU1JOEUwelB2MUdLaApqSFVaUFhyaXVFUjNjNU1ZNzRFUlJmZklMZWYvcElsMTlXcnBWZWhhRFVRL2dvNU11dmppMFlJOGtHeW9IcWNZCm81YkxZWXZ6UU1hakpUaVN4L3VtSkdxRzUxS0VGUEMrYklFMXdVRVUrcEp0Rk94eTYvUWxkU3l5NWlLNEs4RUcKR2xZeUFHTTdmNVppVGZQMVZZMWlWV1dGcklRMWI4cE1DWG56T05Ya0huZ1BIa1l0VVhBQkhUbER2d09vSWFIVgpQMm9DOEJVazRkSUp2SzZreVJ1TlZreWxkb2NzWlJ0eFZ2dnVPeXVUQ3diSGNyY1N6ZFNKTDBlOThSZ2RUTFlJCk9MeUlYek5EOC9ZNkNrQTk4NFVlUGpNdUo4b215VFltdDVCcDB5NytrTFlPMHlJaU5nbUFvS2VPK3FhSQotLS0tLUVORCBDRVJUSUZJQ0FURS0tLS0tCg==\nusers:\n- name: user-cf75f2ki33q\n  user:\n    exec:\n      apiVersion: client.authentication.k8s.io/v1beta1\n      command: oci\n      args:\n      - ce\n      - cluster\n      - generate-token\n      - --cluster-id\n      - ocid1.cluster.oc1.iad.aaaaaaaabkuoow2qvqphsxooyq3v7ifuqiqka7kvuoxrahavxcf75f2ki33q\n      - --region\n      - us-ashburn-1\n      env: []\ncontexts:\n- name: context-cf75f2ki33q\n  context:\n    cluster: cluster-cf75f2ki33q\n    user: user-cf75f2ki33q\ncurrent-context: context-cf75f2ki33q\n",
            "endpoint": null,
            "expiration": null,
            "id": "ContainerengineClusterKubeConfigDataSource-3894698870",
            "token_version": "2.0.0"
          },
          "sensitive_attributes": []
        }
      ]
    },
    {
      "module": "module.oci-oke",
      "mode": "data",
      "type": "oci_containerengine_cluster_option",
      "name": "oci_oke_cluster_option",
      "provider": "provider[\"registry.terraform.io/oracle/oci\"]",
      "instances": [
        {
          "schema_version": 0,
          "attributes": {
            "cluster_option_id": "all",
            "cluster_pod_network_options": [
              {
                "cni_type": "OCI_VCN_IP_NATIVE"
              },
              {
                "cni_type": "FLANNEL_OVERLAY"
              }
            ],
            "compartment_id": null,
            "id": "ContainerengineClusterOptionDataSource-1870923232",
            "kubernetes_versions": [
              "v1.26.2",
              "v1.26.7",
              "v1.27.2",
              "v1.28.2",
              "v1.29.1"
            ]
          },
          "sensitive_attributes": []
        }
      ]
    },
    {
      "module": "module.oci-oke",
      "mode": "data",
      "type": "oci_containerengine_node_pool_option",
      "name": "oci_oke_node_pool_option",
      "provider": "provider[\"registry.terraform.io/oracle/oci\"]",
      "instances": [
        {
          "schema_version": 0,
          "attributes": {
            "compartment_id": null,
            "id": "ContainerengineNodePoolOptionDataSource-1870923232",
            "images": [
              "Oracle-Linux-7.4",
              "Oracle-Linux-7.5",
              "Oracle-Linux-7.6"
            ],
            "kubernetes_versions": [
              "v1.26.2",
              "v1.26.7",
              "v1.27.2",
              "v1.28.2",
              "v1.29.1"
            ],
            "node_pool_option_id": "all",
            "shapes": [
              "BM.Standard.A1.160",
              "BM.Standard.E2.64",
              "BM.Standard.E3.128",
              "BM.Standard.E4.128",
              "BM.Standard1.36",
              "BM.Standard2.52",
              "BM.Standard3.64",
              "VM.Standard.A1.Flex",
              "VM.Standard.E2.1",
              "VM.Standard.E2.2",
              "VM.Standard.E2.4",
              "VM.Standard.E2.8",
              "VM.Standard.E3.Flex",
              "VM.Standard.E4.Flex",
              "VM.Standard1.1",
              "VM.Standard1.16",
              "VM.Standard1.2",
              "VM.Standard1.4",
              "VM.Standard1.8",
              "VM.Standard2.1",
              "VM.Standard2.16",
              "VM.Standard2.2",
              "VM.Standard2.24",
              "VM.Standard2.4",
              "VM.Standard2.8",
              "VM.Standard3.Flex"
            ],
            "sources": [
              {
                "image_id": "ocid1.image.oc1.iad.aaaaaaaal4ozph2wkorbutsrstg744f3xa6tccuiuug5oprrmk34onvbafaa",
                "source_name": "Oracle-Linux-8.9-aarch64-2024.01.26-0-OKE-1.29.1-679",
                "source_type": "IMAGE"
              },
              {
                "image_id": "ocid1.image.oc1.iad.aaaaaaaaiufzf6s2w7fekbjqjwe2bfca4quyqxgllpihytzx2n77zukhy4za",
                "source_name": "Oracle-Linux-8.9-aarch64-2024.01.26-0-OKE-1.28.2-679",
                "source_type": "IMAGE"
              },
              {
                "image_id": "ocid1.image.oc1.iad.aaaaaaaaym43ul4fdywppywut6576j2ktzjljg3o2vo27i6be5qvdj6dwlya",
                "source_name": "Oracle-Linux-8.9-aarch64-2024.01.26-0-OKE-1.27.2-679",
                "source_type": "IMAGE"
              },
              {
                "image_id": "ocid1.image.oc1.iad.aaaaaaaawme4ohmtlr3gpskei637mubi3pey2sads66vg62ebfi33kgaj46a",
                "source_name": "Oracle-Linux-8.9-aarch64-2024.01.26-0-OKE-1.26.7-679",
                "source_type": "IMAGE"
              },
              {
                "image_id": "ocid1.image.oc1.iad.aaaaaaaahoct43ioa2hcik2vesftcjmhrdbshxad3rcsvshiswaz6n7mbdva",
                "source_name": "Oracle-Linux-8.9-Gen2-GPU-2024.01.26-0-OKE-1.29.1-679",
                "source_type": "IMAGE"
              },
              {
                "image_id": "ocid1.image.oc1.iad.aaaaaaaa65bz2g65wuzqygkqvoboylgi4le2qc3cnjluol3n2f7dwpsywktq",
                "source_name": "Oracle-Linux-8.9-Gen2-GPU-2024.01.26-0-OKE-1.28.2-679",
                "source_type": "IMAGE"
              },
              {
                "image_id": "ocid1.image.oc1.iad.aaaaaaaarrdg5xqsswks675ylzlhnhzdwwjv5y5tk4c2rm2ucb2hsksfd7ua",
                "source_name": "Oracle-Linux-8.9-Gen2-GPU-2024.01.26-0-OKE-1.27.2-679",
                "source_type": "IMAGE"
              },
              {
                "image_id": "ocid1.image.oc1.iad.aaaaaaaanuu2ggyasisag24hmhuxicjjzlu7d4gqzgfxn5d77b3xwuh3p5ka",
                "source_name": "Oracle-Linux-8.9-Gen2-GPU-2024.01.26-0-OKE-1.26.7-679",
                "source_type": "IMAGE"
              },
              {
                "image_id": "ocid1.image.oc1.iad.aaaaaaaadyzri6smeehan3syq3n6xonwzqqbv5zpvjeff7bqwoowmezdj2rq",
                "source_name": "Oracle-Linux-8.9-2024.01.26-0-OKE-1.29.1-679",
                "source_type": "IMAGE"
              },
              {
                "image_id": "ocid1.image.oc1.iad.aaaaaaaam6zxgcfwlyahvzmg32r526ckcosvkamzkb4vxceh7ywjslntbjmq",
                "source_name": "Oracle-Linux-8.9-2024.01.26-0-OKE-1.28.2-679",
                "source_type": "IMAGE"
              },
              {
                "image_id": "ocid1.image.oc1.iad.aaaaaaaargruqwcgajz74z4b3w55xbgwkd7zp7gp7fgbcamgq33kni5qmfca",
                "source_name": "Oracle-Linux-8.9-2024.01.26-0-OKE-1.27.2-679",
                "source_type": "IMAGE"
              },
              {
                "image_id": "ocid1.image.oc1.iad.aaaaaaaaa57fwsefcsy736baiviaspt6etpx47kqvxunw7lsb5b3nok4rohq",
                "source_name": "Oracle-Linux-8.9-2024.01.26-0-OKE-1.26.7-679",
                "source_type": "IMAGE"
              },
              {
                "image_id": "ocid1.image.oc1.iad.aaaaaaaajhwr7xqsdgehypidgmncpm7nitemcqq2ajxkjoyal3gvtyhask3a",
                "source_name": "Oracle-Linux-8.8-aarch64-2023.12.13-0-OKE-1.28.2-668",
                "source_type": "IMAGE"
              },
              {
                "image_id": "ocid1.image.oc1.iad.aaaaaaaaenplpymmtpknora43nn6xacmuwpymgifbt7ioyvbhtcqzfrukboq",
                "source_name": "Oracle-Linux-8.8-aarch64-2023.12.13-0-OKE-1.27.2-668",
                "source_type": "IMAGE"
              },
              {
                "image_id": "ocid1.image.oc1.iad.aaaaaaaavsulsnw53hcabmk47uuzb4cckf5u5z2yfsodsuz5crfyftllsqxa",
                "source_name": "Oracle-Linux-8.8-aarch64-2023.12.13-0-OKE-1.26.7-668",
                "source_type": "IMAGE"
              },
              {
                "image_id": "ocid1.image.oc1.iad.aaaaaaaa63xrgzr7d3jf6jqh6usd2zvhloyqmbjiycr52hdwwgpudo7sjq5a",
                "source_name": "Oracle-Linux-8.8-aarch64-2023.12.13-0-OKE-1.26.2-668",
                "source_type": "IMAGE"
              },
              {
                "image_id": "ocid1.image.oc1.iad.aaaaaaaao2zpwcb2osmbtliiuzlphc3y2fqaqmcpp5ttlcf573sidkabml7a",
                "source_name": "Oracle-Linux-8.8-aarch64-2023.09.26-0-OKE-1.28.2-653",
                "source_type": "IMAGE"
              },
              {
                "image_id": "ocid1.image.oc1.iad.aaaaaaaasfeecmgaxz6b2yg5yzlke3wa7me7jq3j6akirggede53y43i5i5a",
                "source_name": "Oracle-Linux-8.8-aarch64-2023.09.26-0-OKE-1.27.2-653",
                "source_type": "IMAGE"
              },
              {
                "image_id": "ocid1.image.oc1.iad.aaaaaaaa65spjuulebfp6wab77qe3lrkur4tkvxrtojex4utjrvapfu54b7q",
                "source_name": "Oracle-Linux-8.8-aarch64-2023.09.26-0-OKE-1.26.7-653",
                "source_type": "IMAGE"
              },
              {
                "image_id": "ocid1.image.oc1.iad.aaaaaaaajjjsccenxwjhbkzazsuyntnq4g655cngzufbqduxiy3afjs2kx5a",
                "source_name": "Oracle-Linux-8.8-aarch64-2023.09.26-0-OKE-1.26.2-653",
                "source_type": "IMAGE"
              },
              {
                "image_id": "ocid1.image.oc1.iad.aaaaaaaayknfngjbmhd34tzelrh4qr4tmeynpu64dgtohx23iqdg3xjc4haq",
                "source_name": "Oracle-Linux-8.8-aarch64-2023.09.26-0-OKE-1.26.2-648",
                "source_type": "IMAGE"
              },
              {
                "image_id": "ocid1.image.oc1.iad.aaaaaaaawgc6mhaegnri3zjf5ftifxebogkkiul633lev5c5vkyhd4esrv4a",
                "source_name": "Oracle-Linux-8.8-Gen2-GPU-2023.12.13-0-OKE-1.28.2-668",
                "source_type": "IMAGE"
              },
              {
                "image_id": "ocid1.image.oc1.iad.aaaaaaaafanhtjsrjy23hvn7nipyryxtwugwwc3qhkcouq7de7rmduu4nlpa",
                "source_name": "Oracle-Linux-8.8-Gen2-GPU-2023.12.13-0-OKE-1.27.2-668",
                "source_type": "IMAGE"
              },
              {
                "image_id": "ocid1.image.oc1.iad.aaaaaaaa5e37mzmrmuovz3kl2hsd6loc5tdiyhwkzuiammeibsx75dtu7zwq",
                "source_name": "Oracle-Linux-8.8-Gen2-GPU-2023.12.13-0-OKE-1.26.7-668",
                "source_type": "IMAGE"
              },
              {
                "image_id": "ocid1.image.oc1.iad.aaaaaaaab76kmcr2aypdvozxufiwkeiyp2so5mti7punajdvxyua4ifntkfa",
                "source_name": "Oracle-Linux-8.8-Gen2-GPU-2023.12.13-0-OKE-1.26.2-668",
                "source_type": "IMAGE"
              },
              {
                "image_id": "ocid1.image.oc1.iad.aaaaaaaata3lf5wahpth7jwshpf5aizk7w42cqgpu7vusfhtrn3i3gguguya",
                "source_name": "Oracle-Linux-8.8-Gen2-GPU-2023.09.26-0-OKE-1.28.2-653",
                "source_type": "IMAGE"
              },
              {
                "image_id": "ocid1.image.oc1.iad.aaaaaaaa7xnvcutee7u4xd2jqceqnmb4at4wzozsuoadagjfdf6bijyij5ba",
                "source_name": "Oracle-Linux-8.8-Gen2-GPU-2023.09.26-0-OKE-1.27.2-653",
                "source_type": "IMAGE"
              },
              {
                "image_id": "ocid1.image.oc1.iad.aaaaaaaahalrb5fzpvpmujziv6qtiqvzgdm4hcdiq6hnul5tzy3c36othgda",
                "source_name": "Oracle-Linux-8.8-Gen2-GPU-2023.09.26-0-OKE-1.26.7-653",
                "source_type": "IMAGE"
              },
              {
                "image_id": "ocid1.image.oc1.iad.aaaaaaaapv34zwfkc5jkbm6tufgh2b3buqxzdqdr3j5vpctm5zfjdlbsh3uq",
                "source_name": "Oracle-Linux-8.8-Gen2-GPU-2023.09.26-0-OKE-1.26.2-653",
                "source_type": "IMAGE"
              },
              {
                "image_id": "ocid1.image.oc1.iad.aaaaaaaah3a26td6lhpd74an2ckt52i4xbaeqvyz2lnncpyywbrb2nhy4zeq",
                "source_name": "Oracle-Linux-8.8-Gen2-GPU-2023.08.31-0-OKE-1.26.2-645",
                "source_type": "IMAGE"
              },
              {
                "image_id": "ocid1.image.oc1.iad.aaaaaaaaj3msscjivij4rp6qasmkmw3liigcfk5uqdbydy6vaoqd4urhfrvq",
                "source_name": "Oracle-Linux-8.8-2023.12.13-0-OKE-1.28.2-668",
                "source_type": "IMAGE"
              },
              {
                "image_id": "ocid1.image.oc1.iad.aaaaaaaalntjmkiesyzefnn52bdasmrpcitbosfuexmtugjujcahvt2mkzqq",
                "source_name": "Oracle-Linux-8.8-2023.12.13-0-OKE-1.27.2-668",
                "source_type": "IMAGE"
              },
              {
                "image_id": "ocid1.image.oc1.iad.aaaaaaaaw5aatmiquzncjszpxbpkb3hpe7c25ddnqwskumbitrcftuzjlzpq",
                "source_name": "Oracle-Linux-8.8-2023.12.13-0-OKE-1.26.7-668",
                "source_type": "IMAGE"
              },
              {
                "image_id": "ocid1.image.oc1.iad.aaaaaaaa7c3ccspved55ilgspj6eqhavaghyalpxlt5bqqeenhp4juswgv2q",
                "source_name": "Oracle-Linux-8.8-2023.12.13-0-OKE-1.26.2-668",
                "source_type": "IMAGE"
              },
              {
                "image_id": "ocid1.image.oc1.iad.aaaaaaaanwsto6tqklfuawgqrve5ugjpbff3l5qtb7bs35dp72ewcnsuwoka",
                "source_name": "Oracle-Linux-8.8-2023.09.26-0-OKE-1.28.2-653",
                "source_type": "IMAGE"
              },
              {
                "image_id": "ocid1.image.oc1.iad.aaaaaaaairuqkf7p2b37jpyklvnqhxxlhyr3fpk55jmi5yklnkdrbsao7msa",
                "source_name": "Oracle-Linux-8.8-2023.09.26-0-OKE-1.27.2-653",
                "source_type": "IMAGE"
              },
              {
                "image_id": "ocid1.image.oc1.iad.aaaaaaaab2z4tdx4ozceelvzjzvvugwyavhco7mjuq44ejszrvw4yhz4za5a",
                "source_name": "Oracle-Linux-8.8-2023.09.26-0-OKE-1.26.7-653",
                "source_type": "IMAGE"
              },
              {
                "image_id": "ocid1.image.oc1.iad.aaaaaaaamxhr3h5setsq7e4uh6qn72x5v4e635ix7pi56aoygyk73kgtck2q",
                "source_name": "Oracle-Linux-8.8-2023.09.26-0-OKE-1.26.2-653",
                "source_type": "IMAGE"
              },
              {
                "image_id": "ocid1.image.oc1.iad.aaaaaaaanp2vhdorbmbe7g62o6ptm5ichqdzhodsw54um5lipuuifxqve7tq",
                "source_name": "Oracle-Linux-8.8-2023.09.26-0-OKE-1.26.2-648",
                "source_type": "IMAGE"
              },
              {
                "image_id": "ocid1.image.oc1.iad.aaaaaaaa5xe56vdbr7rqomen5o4mhscdsrz6mmpb4k3vpb5sjagxwjcv6ypa",
                "source_name": "Oracle-Linux-7.9-aarch64-2024.01.23-0-OKE-1.29.1-679",
                "source_type": "IMAGE"
              },
              {
                "image_id": "ocid1.image.oc1.iad.aaaaaaaa3b4ryauu2xmgrtm477k7clhlpsih2aiqsu4nbrmz6dljnjjr6dea",
                "source_name": "Oracle-Linux-7.9-aarch64-2024.01.23-0-OKE-1.28.2-679",
                "source_type": "IMAGE"
              },
              {
                "image_id": "ocid1.image.oc1.iad.aaaaaaaaynh3zvy5n53iq3noyvvaw5fkvcle76aknph5y7nxbtf4kvav4lra",
                "source_name": "Oracle-Linux-7.9-aarch64-2024.01.23-0-OKE-1.27.2-679",
                "source_type": "IMAGE"
              },
              {
                "image_id": "ocid1.image.oc1.iad.aaaaaaaad4nid3wsgdii72ol3pzlb25gxxmvg2mgaspt5uy346pixyimyvea",
                "source_name": "Oracle-Linux-7.9-aarch64-2024.01.23-0-OKE-1.26.7-679",
                "source_type": "IMAGE"
              },
              {
                "image_id": "ocid1.image.oc1.iad.aaaaaaaa5q2u7sseckbdgo5hvpunrzakpoug4ovjuqjklhgbeyngqqq4h25q",
                "source_name": "Oracle-Linux-7.9-aarch64-2023.12.08-0-OKE-1.28.2-668",
                "source_type": "IMAGE"
              },
              {
                "image_id": "ocid1.image.oc1.iad.aaaaaaaa4uwrxtbt3r63bjmtw777t5h6abkkrhwkd66vsemtrj7il5zse44q",
                "source_name": "Oracle-Linux-7.9-aarch64-2023.12.08-0-OKE-1.27.2-668",
                "source_type": "IMAGE"
              },
              {
                "image_id": "ocid1.image.oc1.iad.aaaaaaaakwjuvbxlq56ixmxda6te3qorbtpq4isjqtkitkboeuyeg5mcr5xq",
                "source_name": "Oracle-Linux-7.9-aarch64-2023.12.08-0-OKE-1.26.7-668",
                "source_type": "IMAGE"
              },
              {
                "image_id": "ocid1.image.oc1.iad.aaaaaaaajntoh6obhmq3tvleucgmbhcbhdd74fosxscds6qi3shijmod2q3q",
                "source_name": "Oracle-Linux-7.9-aarch64-2023.12.08-0-OKE-1.26.2-668",
                "source_type": "IMAGE"
              },
              {
                "image_id": "ocid1.image.oc1.iad.aaaaaaaa7tiwklrxbzjabb4xegn2etjwobpk77bf23r2i6bsn35fhzmfwota",
                "source_name": "Oracle-Linux-7.9-aarch64-2023.09.26-0-OKE-1.28.2-653",
                "source_type": "IMAGE"
              },
              {
                "image_id": "ocid1.image.oc1.iad.aaaaaaaax5wk4wfgxsuw6advqo5rbna2qbepyf35skkcayvok5xx7bg24bzq",
                "source_name": "Oracle-Linux-7.9-aarch64-2023.09.26-0-OKE-1.27.2-653",
                "source_type": "IMAGE"
              },
              {
                "image_id": "ocid1.image.oc1.iad.aaaaaaaane7qfievfqrgtz6cqmkimixy4sddyirtsaeppgur73o2bh7qyqaa",
                "source_name": "Oracle-Linux-7.9-aarch64-2023.09.26-0-OKE-1.26.7-653",
                "source_type": "IMAGE"
              },
              {
                "image_id": "ocid1.image.oc1.iad.aaaaaaaa3qezjlnj74fsk3ioe6pouv2pt7mt6id2dc5fodsiqqyunjgwqgxq",
                "source_name": "Oracle-Linux-7.9-aarch64-2023.09.26-0-OKE-1.26.2-653",
                "source_type": "IMAGE"
              },
              {
                "image_id": "ocid1.image.oc1.iad.aaaaaaaa7fx7nex7qfckfuxowfqj7ulh4rnkgwy6eqv73snvalvw2o6jcksa",
                "source_name": "Oracle-Linux-7.9-aarch64-2023.09.26-0-OKE-1.26.2-648",
                "source_type": "IMAGE"
              },
              {
                "image_id": "ocid1.image.oc1.iad.aaaaaaaaewrs5vyopa7n3t45wvkils2ztm4wxvcnkm2bvu7nf54khurhczaq",
                "source_name": "Oracle-Linux-7.9-Gen2-GPU-2024.01.23-0-OKE-1.29.1-679",
                "source_type": "IMAGE"
              },
              {
                "image_id": "ocid1.image.oc1.iad.aaaaaaaabcv4k4d4ctf6rsst7rvnrxbwbbbmxatqstp7bonubmscn6xy32ma",
                "source_name": "Oracle-Linux-7.9-Gen2-GPU-2024.01.23-0-OKE-1.28.2-679",
                "source_type": "IMAGE"
              },
              {
                "image_id": "ocid1.image.oc1.iad.aaaaaaaayqb7lsyzpqk53mmpophgvree4nvjwzerzglbs25fpwegn5catjza",
                "source_name": "Oracle-Linux-7.9-Gen2-GPU-2024.01.23-0-OKE-1.27.2-679",
                "source_type": "IMAGE"
              },
              {
                "image_id": "ocid1.image.oc1.iad.aaaaaaaaghrgxmrq7l67bwuhxnpgdz77abbviwdq6kegkoyon7td5uw64unq",
                "source_name": "Oracle-Linux-7.9-Gen2-GPU-2024.01.23-0-OKE-1.26.7-679",
                "source_type": "IMAGE"
              },
              {
                "image_id": "ocid1.image.oc1.iad.aaaaaaaanmyj5wrrcqhqxphpf47oy7qs7cgp6shazghad42wjgtoay3nsozq",
                "source_name": "Oracle-Linux-7.9-Gen2-GPU-2023.12.08-0-OKE-1.28.2-668",
                "source_type": "IMAGE"
              },
              {
                "image_id": "ocid1.image.oc1.iad.aaaaaaaaqjuccrzo35amtgpbcuzmkmzaesjeo6jxe6f3ateml4uyvxzbcqcq",
                "source_name": "Oracle-Linux-7.9-Gen2-GPU-2023.12.08-0-OKE-1.27.2-668",
                "source_type": "IMAGE"
              },
              {
                "image_id": "ocid1.image.oc1.iad.aaaaaaaa22uezr7i5khcouyc3m7kmxz3yfzza5czdtmxevsdkca5ybm2uwha",
                "source_name": "Oracle-Linux-7.9-Gen2-GPU-2023.12.08-0-OKE-1.26.7-668",
                "source_type": "IMAGE"
              },
              {
                "image_id": "ocid1.image.oc1.iad.aaaaaaaazrkbxjx6b25a7ubj6uzd2nnkycgdgnrlsuyy7ushxesgjbakoskq",
                "source_name": "Oracle-Linux-7.9-Gen2-GPU-2023.12.08-0-OKE-1.26.2-668",
                "source_type": "IMAGE"
              },
              {
                "image_id": "ocid1.image.oc1.iad.aaaaaaaagcylxywbcsjta6btapqi3g4spcdigemxq7kjzevweds36nqubvaa",
                "source_name": "Oracle-Linux-7.9-Gen2-GPU-2023.09.26-0-OKE-1.28.2-653",
                "source_type": "IMAGE"
              },
              {
                "image_id": "ocid1.image.oc1.iad.aaaaaaaay6npznkpb2qjslnaqrsb7if7ffcmskyhyhagskuewimaqjv43fqq",
                "source_name": "Oracle-Linux-7.9-Gen2-GPU-2023.09.26-0-OKE-1.27.2-653",
                "source_type": "IMAGE"
              },
              {
                "image_id": "ocid1.image.oc1.iad.aaaaaaaauvbn4fkmne2dz4bwhj7yw25s33wt6ul7r7qfjfedemoyb2zg6szq",
                "source_name": "Oracle-Linux-7.9-Gen2-GPU-2023.09.26-0-OKE-1.26.7-653",
                "source_type": "IMAGE"
              },
              {
                "image_id": "ocid1.image.oc1.iad.aaaaaaaazmurchhmh3kbxhrsk7xrjs73lnxqjt7cues372qarqbg6dxxxroq",
                "source_name": "Oracle-Linux-7.9-Gen2-GPU-2023.09.26-0-OKE-1.26.2-653",
                "source_type": "IMAGE"
              },
              {
                "image_id": "ocid1.image.oc1.iad.aaaaaaaadxcfxqanfy5yaew3nyc6voaolt7oyftsm5zklbfnp47kijt4gy5a",
                "source_name": "Oracle-Linux-7.9-Gen2-GPU-2023.08.31-0-OKE-1.26.2-645",
                "source_type": "IMAGE"
              },
              {
                "image_id": "ocid1.image.oc1.iad.aaaaaaaapdaaariudjotfqet6bfl3i22gdwixmvfksvztkm3yxba3qqr743a",
                "source_name": "Oracle-Linux-7.9-2024.01.23-0-OKE-1.29.1-679",
                "source_type": "IMAGE"
              },
              {
                "image_id": "ocid1.image.oc1.iad.aaaaaaaamgzbouwozvwkzzg4zcvfnlynouf7ezbhwkhbltb5eeowtflom2ha",
                "source_name": "Oracle-Linux-7.9-2024.01.23-0-OKE-1.28.2-679",
                "source_type": "IMAGE"
              },
              {
                "image_id": "ocid1.image.oc1.iad.aaaaaaaarbqzx2wfq626ginhrrldb7anv4a6flfgpi5qg7tvbpiciuzartya",
                "source_name": "Oracle-Linux-7.9-2024.01.23-0-OKE-1.27.2-679",
                "source_type": "IMAGE"
              },
              {
                "image_id": "ocid1.image.oc1.iad.aaaaaaaasucz2opxm43xrloiot5glo5k7rjko5dkg3f6m7kuf4cv35jpi24q",
                "source_name": "Oracle-Linux-7.9-2024.01.23-0-OKE-1.26.7-679",
                "source_type": "IMAGE"
              },
              {
                "image_id": "ocid1.image.oc1.iad.aaaaaaaax3mtla2azr6nx5faoei7tnp4ty6iey4va4cplbpxtfogx2jgpboa",
                "source_name": "Oracle-Linux-7.9-2023.12.08-0-OKE-1.28.2-668",
                "source_type": "IMAGE"
              },
              {
                "image_id": "ocid1.image.oc1.iad.aaaaaaaa4zjkaobqtatqaeb4qvouqre7e6sq2onzyympo6f3zaeomxvatura",
                "source_name": "Oracle-Linux-7.9-2023.12.08-0-OKE-1.27.2-668",
                "source_type": "IMAGE"
              },
              {
                "image_id": "ocid1.image.oc1.iad.aaaaaaaaehngpg5q5lamdgdq2wejuminfbt44mdmmwmkvl7dou3k7fz6yebq",
                "source_name": "Oracle-Linux-7.9-2023.12.08-0-OKE-1.26.7-668",
                "source_type": "IMAGE"
              },
              {
                "image_id": "ocid1.image.oc1.iad.aaaaaaaahesbctkcfchfh4ywvc7fjvdlvrpy5y77zaeotiapaosf2zepd23a",
                "source_name": "Oracle-Linux-7.9-2023.12.08-0-OKE-1.26.2-668",
                "source_type": "IMAGE"
              },
              {
                "image_id": "ocid1.image.oc1.iad.aaaaaaaab26mka2f4b453iwddmuh3uvikqv6a5a5afviysu36siwakan6ghq",
                "source_name": "Oracle-Linux-7.9-2023.09.26-0-OKE-1.28.2-653",
                "source_type": "IMAGE"
              },
              {
                "image_id": "ocid1.image.oc1.iad.aaaaaaaay6igchnyt7efxadhhf52bx6nxevk2gfdexy5tge34zlwsndbptla",
                "source_name": "Oracle-Linux-7.9-2023.09.26-0-OKE-1.27.2-653",
                "source_type": "IMAGE"
              },
              {
                "image_id": "ocid1.image.oc1.iad.aaaaaaaatagtdliendujwldpu7akqdefyqbsrncw6g5epfjefa2bymdbgqpa",
                "source_name": "Oracle-Linux-7.9-2023.09.26-0-OKE-1.26.7-653",
                "source_type": "IMAGE"
              },
              {
                "image_id": "ocid1.image.oc1.iad.aaaaaaaafugdmyzgoqixgadwsb6tss4myn4tyavzw2w4sp56volrmamjpt4a",
                "source_name": "Oracle-Linux-7.9-2023.09.26-0-OKE-1.26.2-653",
                "source_type": "IMAGE"
              },
              {
                "image_id": "ocid1.image.oc1.iad.aaaaaaaa3cvwrywjbhlqrtrm3euznubaukvemj7k6fvvjakgzep6ae3elk7q",
                "source_name": "Oracle-Linux-7.9-2023.09.26-0-OKE-1.26.2-648",
                "source_type": "IMAGE"
              },
              {
                "image_id": "ocid1.image.oc1.iad.aaaaaaaaatf553hzyyvkrgvxzasea3zj4tg3pv2sdhsv2jzqrxutlajeczna",
                "source_name": "Oracle-Linux-8.9-aarch64-2024.02.26-0",
                "source_type": "IMAGE"
              },
              {
                "image_id": "ocid1.image.oc1.iad.aaaaaaaamfhvgmej5jiwcqc3xprachdoc5yhwn4zwub5yok67d6m47vry6na",
                "source_name": "Oracle-Linux-8.9-aarch64-2024.01.26-0",
                "source_type": "IMAGE"
              },
              {
                "image_id": "ocid1.image.oc1.iad.aaaaaaaavfecrtckyk3egnbzocj37ylxbxgicw5pmkmdupn376bamwjdx2qa",
                "source_name": "Oracle-Linux-8.9-Gen2-GPU-2024.02.26-0",
                "source_type": "IMAGE"
              },
              {
                "image_id": "ocid1.image.oc1.iad.aaaaaaaawtbk5bo2tyykp65cnhsn57gsj6jnci4tzqq5ysiclra7i4eqalrq",
                "source_name": "Oracle-Linux-8.9-Gen2-GPU-2024.01.26-0",
                "source_type": "IMAGE"
              },
              {
                "image_id": "ocid1.image.oc1.iad.aaaaaaaalbyf7m5dvdcaujoj5wplgqepqlodgkxznrzrmmdawqoqzperwtga",
                "source_name": "Oracle-Linux-8.9-2024.02.26-0",
                "source_type": "IMAGE"
              },
              {
                "image_id": "ocid1.image.oc1.iad.aaaaaaaa3whmjeupvxnquayx5jqyqgdc6cmk2i3xer3gvjkdjviti2o7kbnq",
                "source_name": "Oracle-Linux-8.9-2024.01.26-0",
                "source_type": "IMAGE"
              },
              {
                "image_id": "ocid1.image.oc1.iad.aaaaaaaan76525yd23kajmkmci5cwdhmpuqz2ff6thdrf57uatig3ifc75dq",
                "source_name": "Oracle-Linux-8.8-aarch64-2023.12.13-0",
                "source_type": "IMAGE"
              },
              {
                "image_id": "ocid1.image.oc1.iad.aaaaaaaaw5ml5zk72eze44uebjsvldi4mmwrzbtbsbqilkyi3wtdvq6xj25a",
                "source_name": "Oracle-Linux-8.8-Gen2-GPU-2023.12.13-0",
                "source_type": "IMAGE"
              },
              {
                "image_id": "ocid1.image.oc1.iad.aaaaaaaazi34xyxv6og7qgn3nqvaykfvg5ntkkx7yhlkjzpn4z45l72l53wa",
                "source_name": "Oracle-Linux-8.8-2023.12.13-0",
                "source_type": "IMAGE"
              },
              {
                "image_id": "ocid1.image.oc1.iad.aaaaaaaamx654vvhe2d46btrpwom4egyslx37tvq6rfnjxgshtqggw5isygq",
                "source_name": "Oracle-Linux-7.9-aarch64-2024.02.26-0",
                "source_type": "IMAGE"
              },
              {
                "image_id": "ocid1.image.oc1.iad.aaaaaaaa6zerbyhcxc62hfqfl3pceifr4fo4vfmjmfzsdnirqyl7e5t43siq",
                "source_name": "Oracle-Linux-7.9-aarch64-2024.01.23-0",
                "source_type": "IMAGE"
              },
              {
                "image_id": "ocid1.image.oc1.iad.aaaaaaaahkcvxerj3a3bv4kt7fb6gcbzgsqhd2mocw6rqhkpyhebk4hnelgq",
                "source_name": "Oracle-Linux-7.9-aarch64-2023.12.08-0",
                "source_type": "IMAGE"
              },
              {
                "image_id": "ocid1.image.oc1.iad.aaaaaaaauilj3qttceprrodugyn7dsdmbhozxe7iljhyloi7epmb7opkw7bq",
                "source_name": "Oracle-Linux-7.9-Gen2-GPU-2024.02.26-0",
                "source_type": "IMAGE"
              },
              {
                "image_id": "ocid1.image.oc1.iad.aaaaaaaa5vvfu4rceths2slsp2yctuaogeqiptns4fl4tesz5cybzktf2klq",
                "source_name": "Oracle-Linux-7.9-Gen2-GPU-2024.01.23-0",
                "source_type": "IMAGE"
              },
              {
                "image_id": "ocid1.image.oc1.iad.aaaaaaaa7ta3csggew6ujr5x52dzvttcmy3arqfqmr5ohkhhqmmwj6iqc22a",
                "source_name": "Oracle-Linux-7.9-Gen2-GPU-2023.12.08-0",
                "source_type": "IMAGE"
              },
              {
                "image_id": "ocid1.image.oc1.iad.aaaaaaaaoidbrshjmaxl7ormk3xy4zz7ldoz7mjlg477kujhpor23m3rxmpq",
                "source_name": "Oracle-Linux-7.9-2024.02.26-0",
                "source_type": "IMAGE"
              },
              {
                "image_id": "ocid1.image.oc1.iad.aaaaaaaapcj3bknyblurxdhkfgklo7jqf675mnovz2znj3uqbn5qcksadkra",
                "source_name": "Oracle-Linux-7.9-2024.01.23-0",
                "source_type": "IMAGE"
              },
              {
                "image_id": "ocid1.image.oc1.iad.aaaaaaaam7655rfmll5zj5sztcr4zwldp4hazzvm2ltj65n3nhuwcdtmqr7q",
                "source_name": "Oracle-Linux-7.9-2023.12.08-0",
                "source_type": "IMAGE"
              },
              {
                "image_id": "ocid1.image.oc1.iad.aaaaaaaay66pu7z27ltbx2uuatzgfywzixbp34wx7xoze52pk33psz47vlfa",
                "source_name": "Oracle-Linux-7.6",
                "source_type": "IMAGE"
              }
            ]
          },
          "sensitive_attributes": []
        }
      ]
    },
    {
      "module": "module.oci-oke",
      "mode": "data",
      "type": "oci_core_services",
      "name": "AllOCIServices",
      "provider": "provider[\"registry.terraform.io/oracle/oci\"]",
      "instances": [
        {
          "index_key": 0,
          "schema_version": 0,
          "attributes": {
            "filter": [
              {
                "name": "name",
                "regex": true,
                "values": [
                  "All .* Services In Oracle Services Network"
                ]
              }
            ],
            "id": "CoreServicesDataSource-0",
            "services": [
              {
                "cidr_block": "all-iad-services-in-oracle-services-network",
                "description": "All IAD Services In Oracle Services Network",
                "id": "ocid1.service.oc1.iad.aaaaaaaam4zfmy2rjue6fmglumm3czgisxzrnvrwqeodtztg7hwa272mlfna",
                "name": "All IAD Services In Oracle Services Network"
              }
            ]
          },
          "sensitive_attributes": []
        }
      ]
    },
    {
      "module": "module.oci-oke",
      "mode": "data",
      "type": "oci_identity_availability_domains",
      "name": "AD",
      "provider": "provider[\"registry.terraform.io/oracle/oci\"]",
      "instances": [
        {
          "schema_version": 0,
          "attributes": {
            "availability_domains": [],
            "compartment_id": "ocid1.tenancy.oc1..aaaaaaaapkzdu56vklg52dt3xorff77ifzj6q7fymbn3grmopdfh5rocvinq",
            "filter": [
              {
                "name": "name",
                "regex": false,
                "values": [
                  ""
                ]
              }
            ],
            "id": "IdentityAvailabilityDomainsDataSource-3569432885"
          },
          "sensitive_attributes": []
        }
      ]
    },
    {
      "module": "module.oci-oke",
      "mode": "data",
      "type": "oci_identity_availability_domains",
      "name": "ADs",
      "provider": "provider[\"registry.terraform.io/oracle/oci\"]",
      "instances": [
        {
          "schema_version": 0,
          "attributes": {
            "availability_domains": [
              {
                "compartment_id": "ocid1.tenancy.oc1..aaaaaaaapkzdu56vklg52dt3xorff77ifzj6q7fymbn3grmopdfh5rocvinq",
                "id": "ocid1.availabilitydomain.oc1..aaaaaaaatrwxaogr7dl4yschqtrmqrdv6uzis3mgbnomiagqrfhcb7mxsfdq",
                "name": "jSfZ:US-ASHBURN-AD-1"
              },
              {
                "compartment_id": "ocid1.tenancy.oc1..aaaaaaaapkzdu56vklg52dt3xorff77ifzj6q7fymbn3grmopdfh5rocvinq",
                "id": "ocid1.availabilitydomain.oc1..aaaaaaaaztunlny6ae4yw2vghp5go2zceaonwp6wiioe3tnh2vlaxjjl2n3a",
                "name": "jSfZ:US-ASHBURN-AD-2"
              },
              {
                "compartment_id": "ocid1.tenancy.oc1..aaaaaaaapkzdu56vklg52dt3xorff77ifzj6q7fymbn3grmopdfh5rocvinq",
                "id": "ocid1.availabilitydomain.oc1..aaaaaaaauvt2n7pijol7uqgdnnsoojcukrijtmcltvfwxazmitk235wyohta",
                "name": "jSfZ:US-ASHBURN-AD-3"
              }
            ],
            "compartment_id": "ocid1.tenancy.oc1..aaaaaaaapkzdu56vklg52dt3xorff77ifzj6q7fymbn3grmopdfh5rocvinq",
            "filter": null,
            "id": "IdentityAvailabilityDomainsDataSource-3569432885"
          },
          "sensitive_attributes": []
        }
      ]
    },
    {
      "module": "module.oci-oke",
      "mode": "managed",
      "type": "oci_containerengine_cluster",
      "name": "oci_oke_cluster",
      "provider": "provider[\"registry.terraform.io/oracle/oci\"]",
      "instances": [
        {
          "schema_version": 0,
          "attributes": {
            "available_kubernetes_upgrades": [],
            "cluster_pod_network_options": [
              {
                "cni_type": "FLANNEL_OVERLAY"
              }
            ],
            "compartment_id": "ocid1.tenancy.oc1..aaaaaaaapkzdu56vklg52dt3xorff77ifzj6q7fymbn3grmopdfh5rocvinq",
            "defined_tags": {
              "Oracle-Tags.CreatedBy": "default/jackson.f205@gmail.com",
              "Oracle-Tags.CreatedOn": "2024-04-13T15:12:47.332Z"
            },
            "endpoint_config": [
              {
                "is_public_ip_enabled": true,
                "nsg_ids": null,
                "subnet_id": "ocid1.subnet.oc1.iad.aaaaaaaa4taqjwacg5vlphhyesm36eo7pburvx5fii7jyraf2wxdaogjryfa"
              }
            ],
            "endpoints": [
              {
                "kubernetes": "",
                "private_endpoint": "10.0.3.142:6443",
                "public_endpoint": "129.80.206.253:6443",
                "vcn_hostname_endpoint": ""
              }
            ],
            "freeform_tags": {},
            "id": "ocid1.cluster.oc1.iad.aaaaaaaabkuoow2qvqphsxooyq3v7ifuqiqka7kvuoxrahavxcf75f2ki33q",
            "image_policy_config": [
              {
                "is_policy_enabled": false,
                "key_details": []
              }
            ],
            "kms_key_id": null,
            "kubernetes_version": "v1.29.1",
            "lifecycle_details": null,
            "metadata": [
              {
                "created_by_user_id": "ocid1.user.oc1..aaaaaaaav7qnzhrmmidoby7bmifwcfuk7imv6x62vad4r5ob33wds74igjgq",
                "created_by_work_request_id": "ocid1.clustersworkrequest.oc1.iad.aaaaaaaaxbci2z7jqufvp6abtgqvay6cxo3fjvlp5mnyznw4mwaykw4o4n7q",
                "deleted_by_user_id": "",
                "deleted_by_work_request_id": "",
                "time_created": "2024-04-13 15:12:48 +0000 UTC",
                "time_credential_expiration": "2029-04-13 15:13:49 +0000 UTC",
                "time_deleted": "",
                "time_updated": "",
                "updated_by_user_id": "",
                "updated_by_work_request_id": ""
              }
            ],
            "name": "Passin",
            "options": [
              {
                "add_ons": [
                  {
                    "is_kubernetes_dashboard_enabled": true,
                    "is_tiller_enabled": true
                  }
                ],
                "admission_controller_options": [
                  {
                    "is_pod_security_policy_enabled": false
                  }
                ],
                "kubernetes_network_config": [
                  {
                    "pods_cidr": "10.1.0.0/16",
                    "services_cidr": "10.2.0.0/16"
                  }
                ],
                "persistent_volume_config": [
                  {
                    "defined_tags": {},
                    "freeform_tags": {}
                  }
                ],
                "service_lb_config": [
                  {
                    "defined_tags": {},
                    "freeform_tags": {}
                  }
                ],
                "service_lb_subnet_ids": [
                  "ocid1.subnet.oc1.iad.aaaaaaaaa73nliy6oqc5cfth4kcxh3v2phnge7ervyc2fty3zrifhonzqkrq"
                ]
              }
            ],
            "state": "ACTIVE",
            "timeouts": null,
            "type": "ENHANCED_CLUSTER",
            "vcn_id": "ocid1.vcn.oc1.iad.amaaaaaasqpmftiasct7i7zjhzowbm5iumvm7rnu5lldmbdhp43l4elac6ia"
          },
          "sensitive_attributes": [],
          "private": "eyJlMmJmYjczMC1lY2FhLTExZTYtOGY4OC0zNDM2M2JjN2M0YzAiOnsiY3JlYXRlIjozNjAwMDAwMDAwMDAwLCJkZWxldGUiOjM2MDAwMDAwMDAwMDAsInVwZGF0ZSI6MzYwMDAwMDAwMDAwMH19",
          "dependencies": [
            "module.oci-oke.data.oci_core_services.AllOCIServices",
            "module.oci-oke.oci_core_internet_gateway.oke_igw",
            "module.oci-oke.oci_core_nat_gateway.oke_natgw",
            "module.oci-oke.oci_core_route_table.oke_rt_via_igw",
            "module.oci-oke.oci_core_route_table.oke_rt_via_natgw_and_sg",
            "module.oci-oke.oci_core_security_list.oke_api_endpoint_subnet_sec_list",
            "module.oci-oke.oci_core_service_gateway.oke_sg",
            "module.oci-oke.oci_core_subnet.oke_api_endpoint_subnet",
            "module.oci-oke.oci_core_subnet.oke_lb_subnet",
            "module.oci-oke.oci_core_vcn.oke_vcn"
          ]
        }
      ]
    },
    {
      "module": "module.oci-oke",
      "mode": "managed",
      "type": "oci_containerengine_node_pool",
      "name": "oci_oke_node_pool",
      "provider": "provider[\"registry.terraform.io/oracle/oci\"]",
      "instances": [
        {
          "schema_version": 0,
          "attributes": {
            "cluster_id": "ocid1.cluster.oc1.iad.aaaaaaaabkuoow2qvqphsxooyq3v7ifuqiqka7kvuoxrahavxcf75f2ki33q",
            "compartment_id": "ocid1.tenancy.oc1..aaaaaaaapkzdu56vklg52dt3xorff77ifzj6q7fymbn3grmopdfh5rocvinq",
            "defined_tags": {
              "Oracle-Tags.CreatedBy": "default/jackson.f205@gmail.com",
              "Oracle-Tags.CreatedOn": "2024-04-13T15:22:06.603Z"
            },
            "freeform_tags": {},
            "id": "ocid1.nodepool.oc1.iad.aaaaaaaam2p6saxgyfa344cxus7elqt7rok3v3drtrplzno3ontr5hhgcwwq",
            "initial_node_labels": [
              {
                "key": "key",
                "value": "value"
              }
            ],
            "kubernetes_version": "v1.29.1",
            "lifecycle_details": null,
            "name": "Passin-pool",
            "node_config_details": [
              {
                "defined_tags": {},
                "freeform_tags": {},
                "is_pv_encryption_in_transit_enabled": false,
                "kms_key_id": "",
                "node_pool_pod_network_option_details": [
                  {
                    "cni_type": "FLANNEL_OVERLAY",
                    "max_pods_per_node": 0,
                    "pod_nsg_ids": [],
                    "pod_subnet_ids": []
                  }
                ],
                "nsg_ids": [],
                "placement_configs": [
                  {
                    "availability_domain": "jSfZ:US-ASHBURN-AD-1",
                    "capacity_reservation_id": "",
                    "fault_domains": [],
                    "preemptible_node_config": [],
                    "subnet_id": "ocid1.subnet.oc1.iad.aaaaaaaabes3gn2mxibfiui5juinmln3s4ojlnzsu5arg7qszuutujsk3mdq"
                  },
                  {
                    "availability_domain": "jSfZ:US-ASHBURN-AD-2",
                    "capacity_reservation_id": "",
                    "fault_domains": [],
                    "preemptible_node_config": [],
                    "subnet_id": "ocid1.subnet.oc1.iad.aaaaaaaabes3gn2mxibfiui5juinmln3s4ojlnzsu5arg7qszuutujsk3mdq"
                  },
                  {
                    "availability_domain": "jSfZ:US-ASHBURN-AD-3",
                    "capacity_reservation_id": "",
                    "fault_domains": [],
                    "preemptible_node_config": [],
                    "subnet_id": "ocid1.subnet.oc1.iad.aaaaaaaabes3gn2mxibfiui5juinmln3s4ojlnzsu5arg7qszuutujsk3mdq"
                  }
                ],
                "size": 2
              }
            ],
            "node_eviction_node_pool_settings": [],
            "node_image_id": "ocid1.image.oc1.iad.aaaaaaaapdaaariudjotfqet6bfl3i22gdwixmvfksvztkm3yxba3qqr743a",
            "node_image_name": "Oracle-Linux-7.9-2024.01.23-0-OKE-1.29.1-679",
            "node_metadata": {},
            "node_pool_cycling_details": [],
            "node_shape": "VM.Standard1.1",
            "node_shape_config": [],
            "node_source": [
              {
                "image_id": "ocid1.image.oc1.iad.aaaaaaaapdaaariudjotfqet6bfl3i22gdwixmvfksvztkm3yxba3qqr743a",
                "source_name": "Oracle-Linux-7.9-2024.01.23-0-OKE-1.29.1-679",
                "source_type": "IMAGE"
              }
            ],
            "node_source_details": [
              {
                "boot_volume_size_in_gbs": "50",
                "image_id": "ocid1.image.oc1.iad.aaaaaaaapdaaariudjotfqet6bfl3i22gdwixmvfksvztkm3yxba3qqr743a",
                "source_type": "IMAGE"
              }
            ],
            "nodes": [
              {
                "availability_domain": "jSfZ:US-ASHBURN-AD-3",
                "defined_tags": {},
                "error": [],
                "fault_domain": "FAULT-DOMAIN-1",
                "freeform_tags": {},
                "id": "ocid1.instance.oc1.iad.anuwcljrsqpmfticymjffgxah5k42qbybyzp53dclrqalxno6zs6fqncqtua",
                "kubernetes_version": "v1.29.1",
                "lifecycle_details": "",
                "name": "oke-cf75f2ki33q-ntr5hhgcwwq-sutujsk3mdq-0",
                "node_pool_id": "ocid1.nodepool.oc1.iad.aaaaaaaam2p6saxgyfa344cxus7elqt7rok3v3drtrplzno3ontr5hhgcwwq",
                "private_ip": "10.0.1.7",
                "public_ip": "150.136.147.49",
                "state": "ACTIVE",
                "subnet_id": "ocid1.subnet.oc1.iad.aaaaaaaabes3gn2mxibfiui5juinmln3s4ojlnzsu5arg7qszuutujsk3mdq"
              },
              {
                "availability_domain": "jSfZ:US-ASHBURN-AD-1",
                "defined_tags": {},
                "error": [],
                "fault_domain": "FAULT-DOMAIN-2",
                "freeform_tags": {},
                "id": "ocid1.instance.oc1.iad.anuwcljtsqpmfticsemrazjouqa64wr3y7yt6badoxzpmxupjd2v5swloewq",
                "kubernetes_version": "v1.29.1",
                "lifecycle_details": "",
                "name": "oke-cf75f2ki33q-ntr5hhgcwwq-sutujsk3mdq-1",
                "node_pool_id": "ocid1.nodepool.oc1.iad.aaaaaaaam2p6saxgyfa344cxus7elqt7rok3v3drtrplzno3ontr5hhgcwwq",
                "private_ip": "10.0.1.247",
                "public_ip": "193.122.146.186",
                "state": "ACTIVE",
                "subnet_id": "ocid1.subnet.oc1.iad.aaaaaaaabes3gn2mxibfiui5juinmln3s4ojlnzsu5arg7qszuutujsk3mdq"
              }
            ],
            "quantity_per_subnet": 0,
            "ssh_public_key": "ssh-rsa AAAAB3NzaC1yc2EAAAADAQABAAABAQCcVuyAx/28gS9Cuv5vzLIxORlvnWQ3fXrKR8UJ7ckk4EZ6WzKOvBP3D5uQO2QLtyyq3Ww6vor6AcM6oJO35wYgWF7Lh+YB1bIRxIO400GRJib6pp/d8KzAw8dBswJsG7MLm9cvfbgvU/uFfOXWV2NU5CXF9ZBH9gLM7lf0RuFfJdUTqZZZgZYApmCWYthQRV3tfOyTK9fKAPY3J6yyGsrxgQ/zROtWMsHYEydczSM4oACcU+IHm+DS8LKPtL/YriFUWvt6DtDt0NWbGP/cRjq5slGQdse6XvtF37su0gK19uv5E9dPEa3Qypdh9a5vKj2sRKIBkILlUG3K4AvilebH\n",
            "state": "ACTIVE",
            "subnet_ids": [
              "ocid1.subnet.oc1.iad.aaaaaaaabes3gn2mxibfiui5juinmln3s4ojlnzsu5arg7qszuutujsk3mdq"
            ],
            "timeouts": null
          },
          "sensitive_attributes": [],
          "private": "eyJlMmJmYjczMC1lY2FhLTExZTYtOGY4OC0zNDM2M2JjN2M0YzAiOnsiY3JlYXRlIjozMDAwMDAwMDAwMDAwLCJkZWxldGUiOjMwMDAwMDAwMDAwMDAsInVwZGF0ZSI6MzAwMDAwMDAwMDAwMH19",
          "dependencies": [
            "module.oci-oke.data.oci_containerengine_node_pool_option.oci_oke_node_pool_option",
            "module.oci-oke.data.oci_core_services.AllOCIServices",
            "module.oci-oke.data.oci_identity_availability_domains.AD",
            "module.oci-oke.data.oci_identity_availability_domains.ADs",
            "module.oci-oke.oci_containerengine_cluster.oci_oke_cluster",
            "module.oci-oke.oci_core_internet_gateway.oke_igw",
            "module.oci-oke.oci_core_nat_gateway.oke_natgw",
            "module.oci-oke.oci_core_route_table.oke_rt_via_igw",
            "module.oci-oke.oci_core_route_table.oke_rt_via_natgw_and_sg",
            "module.oci-oke.oci_core_security_list.oke_api_endpoint_subnet_sec_list",
            "module.oci-oke.oci_core_security_list.oke_nodepool_subnet_sec_list",
            "module.oci-oke.oci_core_service_gateway.oke_sg",
            "module.oci-oke.oci_core_subnet.oke_api_endpoint_subnet",
            "module.oci-oke.oci_core_subnet.oke_lb_subnet",
            "module.oci-oke.oci_core_subnet.oke_nodepool_subnet",
            "module.oci-oke.oci_core_vcn.oke_vcn",
            "module.oci-oke.tls_private_key.public_private_key_pair"
          ]
        }
      ]
    },
    {
      "module": "module.oci-oke",
      "mode": "managed",
      "type": "oci_core_internet_gateway",
      "name": "oke_igw",
      "provider": "provider[\"registry.terraform.io/oracle/oci\"]",
      "instances": [
        {
          "index_key": 0,
          "schema_version": 0,
          "attributes": {
            "compartment_id": "ocid1.tenancy.oc1..aaaaaaaapkzdu56vklg52dt3xorff77ifzj6q7fymbn3grmopdfh5rocvinq",
            "defined_tags": {
              "Oracle-Tags.CreatedBy": "default/jackson.f205@gmail.com",
              "Oracle-Tags.CreatedOn": "2024-04-13T15:12:41.840Z"
            },
            "display_name": "oke_igw",
            "enabled": true,
            "freeform_tags": {},
            "id": "ocid1.internetgateway.oc1.iad.aaaaaaaa546bvj6lemmbbleezqaemlacvy7hhbe4g2ulxhyfhhnxs3te6frq",
            "route_table_id": null,
            "state": "AVAILABLE",
            "time_created": "2024-04-13 15:12:41.88 +0000 UTC",
            "timeouts": null,
            "vcn_id": "ocid1.vcn.oc1.iad.amaaaaaasqpmftiasct7i7zjhzowbm5iumvm7rnu5lldmbdhp43l4elac6ia"
          },
          "sensitive_attributes": [],
          "private": "eyJlMmJmYjczMC1lY2FhLTExZTYtOGY4OC0zNDM2M2JjN2M0YzAiOnsiY3JlYXRlIjoxMjAwMDAwMDAwMDAwLCJkZWxldGUiOjEyMDAwMDAwMDAwMDAsInVwZGF0ZSI6MTIwMDAwMDAwMDAwMH19",
          "dependencies": [
            "module.oci-oke.oci_core_vcn.oke_vcn"
          ]
        }
      ]
    },
    {
      "module": "module.oci-oke",
      "mode": "managed",
      "type": "oci_core_nat_gateway",
      "name": "oke_natgw",
      "provider": "provider[\"registry.terraform.io/oracle/oci\"]",
      "instances": [
        {
          "index_key": 0,
          "schema_version": 0,
          "attributes": {
            "block_traffic": false,
            "compartment_id": "ocid1.tenancy.oc1..aaaaaaaapkzdu56vklg52dt3xorff77ifzj6q7fymbn3grmopdfh5rocvinq",
            "defined_tags": {
              "Oracle-Tags.CreatedBy": "default/jackson.f205@gmail.com",
              "Oracle-Tags.CreatedOn": "2024-04-13T15:12:41.325Z"
            },
            "display_name": "oke_natgw",
            "freeform_tags": {},
            "id": "ocid1.natgateway.oc1.iad.aaaaaaaapjhudrcipwpt4dj4f7pt3aeb52tgeh5gq5b4oqiluoej7oixhtuq",
            "nat_ip": "193.122.160.179",
            "public_ip_id": "ocid1.publicip.oc1.iad.aaaaaaaad65wlh5yak7i2jmms6rly3ygfcxjga6o2cknvouqpgtnegpnshha",
            "route_table_id": null,
            "state": "AVAILABLE",
            "time_created": "2024-04-13 15:12:41.693 +0000 UTC",
            "timeouts": null,
            "vcn_id": "ocid1.vcn.oc1.iad.amaaaaaasqpmftiasct7i7zjhzowbm5iumvm7rnu5lldmbdhp43l4elac6ia"
          },
          "sensitive_attributes": [],
          "private": "eyJlMmJmYjczMC1lY2FhLTExZTYtOGY4OC0zNDM2M2JjN2M0YzAiOnsiY3JlYXRlIjoxMjAwMDAwMDAwMDAwLCJkZWxldGUiOjEyMDAwMDAwMDAwMDAsInVwZGF0ZSI6MTIwMDAwMDAwMDAwMH19",
          "dependencies": [
            "module.oci-oke.oci_core_vcn.oke_vcn"
          ]
        }
      ]
    },
    {
      "module": "module.oci-oke",
      "mode": "managed",
      "type": "oci_core_route_table",
      "name": "oke_rt_via_igw",
      "provider": "provider[\"registry.terraform.io/oracle/oci\"]",
      "instances": [
        {
          "index_key": 0,
          "schema_version": 0,
          "attributes": {
            "compartment_id": "ocid1.tenancy.oc1..aaaaaaaapkzdu56vklg52dt3xorff77ifzj6q7fymbn3grmopdfh5rocvinq",
            "defined_tags": {
              "Oracle-Tags.CreatedBy": "default/jackson.f205@gmail.com",
              "Oracle-Tags.CreatedOn": "2024-04-13T15:12:43.011Z"
            },
            "display_name": "oke_rt_via_igw",
            "freeform_tags": {},
            "id": "ocid1.routetable.oc1.iad.aaaaaaaadwejeddlvsned5qcbgip7tpik3nsamu3lk6zqpmbt7khv7mqbaoa",
            "route_rules": [
              {
                "cidr_block": "",
                "description": "",
                "destination": "0.0.0.0/0",
                "destination_type": "CIDR_BLOCK",
                "network_entity_id": "ocid1.internetgateway.oc1.iad.aaaaaaaa546bvj6lemmbbleezqaemlacvy7hhbe4g2ulxhyfhhnxs3te6frq",
                "route_type": ""
              }
            ],
            "state": "AVAILABLE",
            "time_created": "2024-04-13 15:12:43.036 +0000 UTC",
            "timeouts": null,
            "vcn_id": "ocid1.vcn.oc1.iad.amaaaaaasqpmftiasct7i7zjhzowbm5iumvm7rnu5lldmbdhp43l4elac6ia"
          },
          "sensitive_attributes": [],
          "private": "eyJlMmJmYjczMC1lY2FhLTExZTYtOGY4OC0zNDM2M2JjN2M0YzAiOnsiY3JlYXRlIjoxMjAwMDAwMDAwMDAwLCJkZWxldGUiOjEyMDAwMDAwMDAwMDAsInVwZGF0ZSI6MTIwMDAwMDAwMDAwMH19",
          "dependencies": [
            "module.oci-oke.oci_core_internet_gateway.oke_igw",
            "module.oci-oke.oci_core_vcn.oke_vcn"
          ]
        }
      ]
    },
    {
      "module": "module.oci-oke",
      "mode": "managed",
      "type": "oci_core_route_table",
      "name": "oke_rt_via_natgw_and_sg",
      "provider": "provider[\"registry.terraform.io/oracle/oci\"]",
      "instances": [
        {
          "index_key": 0,
          "schema_version": 0,
          "attributes": {
            "compartment_id": "ocid1.tenancy.oc1..aaaaaaaapkzdu56vklg52dt3xorff77ifzj6q7fymbn3grmopdfh5rocvinq",
            "defined_tags": {
              "Oracle-Tags.CreatedBy": "default/jackson.f205@gmail.com",
              "Oracle-Tags.CreatedOn": "2024-04-13T15:12:43.210Z"
            },
            "display_name": "oke_rt_via_natgw",
            "freeform_tags": {},
            "id": "ocid1.routetable.oc1.iad.aaaaaaaax26cdel5mjhlkeukm6t72e66u66mmtsvi4igpeyiavx4nybkaida",
            "route_rules": [
              {
                "cidr_block": "",
                "description": "",
                "destination": "0.0.0.0/0",
                "destination_type": "CIDR_BLOCK",
                "network_entity_id": "ocid1.natgateway.oc1.iad.aaaaaaaapjhudrcipwpt4dj4f7pt3aeb52tgeh5gq5b4oqiluoej7oixhtuq",
                "route_type": ""
              },
              {
                "cidr_block": "",
                "description": "",
                "destination": "all-iad-services-in-oracle-services-network",
                "destination_type": "SERVICE_CIDR_BLOCK",
                "network_entity_id": "ocid1.servicegateway.oc1.iad.aaaaaaaaxvhlwlpkxilz5nkmmn247kehvchjgmxyccem6u3y46zxwjenodwa",
                "route_type": ""
              }
            ],
            "state": "AVAILABLE",
            "time_created": "2024-04-13 15:12:43.237 +0000 UTC",
            "timeouts": null,
            "vcn_id": "ocid1.vcn.oc1.iad.amaaaaaasqpmftiasct7i7zjhzowbm5iumvm7rnu5lldmbdhp43l4elac6ia"
          },
          "sensitive_attributes": [],
          "private": "eyJlMmJmYjczMC1lY2FhLTExZTYtOGY4OC0zNDM2M2JjN2M0YzAiOnsiY3JlYXRlIjoxMjAwMDAwMDAwMDAwLCJkZWxldGUiOjEyMDAwMDAwMDAwMDAsInVwZGF0ZSI6MTIwMDAwMDAwMDAwMH19",
          "dependencies": [
            "module.oci-oke.data.oci_core_services.AllOCIServices",
            "module.oci-oke.oci_core_nat_gateway.oke_natgw",
            "module.oci-oke.oci_core_service_gateway.oke_sg",
            "module.oci-oke.oci_core_vcn.oke_vcn"
          ]
        }
      ]
    },
    {
      "module": "module.oci-oke",
      "mode": "managed",
      "type": "oci_core_security_list",
      "name": "oke_api_endpoint_subnet_sec_list",
      "provider": "provider[\"registry.terraform.io/oracle/oci\"]",
      "instances": [
        {
          "index_key": 0,
          "schema_version": 0,
          "attributes": {
            "compartment_id": "ocid1.tenancy.oc1..aaaaaaaapkzdu56vklg52dt3xorff77ifzj6q7fymbn3grmopdfh5rocvinq",
            "defined_tags": {
              "Oracle-Tags.CreatedBy": "default/jackson.f205@gmail.com",
              "Oracle-Tags.CreatedOn": "2024-04-13T15:12:41.841Z"
            },
            "display_name": "oke_api_endpoint_subnet_sec_list",
            "egress_security_rules": [
              {
                "description": "",
                "destination": "10.0.1.0/24",
                "destination_type": "CIDR_BLOCK",
                "icmp_options": [
                  {
                    "code": 4,
                    "type": 3
                  }
                ],
                "protocol": "1",
                "stateless": false,
                "tcp_options": [],
                "udp_options": []
              },
              {
                "description": "",
                "destination": "10.0.1.0/24",
                "destination_type": "CIDR_BLOCK",
                "icmp_options": [],
                "protocol": "6",
                "stateless": false,
                "tcp_options": [],
                "udp_options": []
              },
              {
                "description": "",
                "destination": "all-iad-services-in-oracle-services-network",
                "destination_type": "SERVICE_CIDR_BLOCK",
                "icmp_options": [],
                "protocol": "6",
                "stateless": false,
                "tcp_options": [
                  {
                    "max": 443,
                    "min": 443,
                    "source_port_range": []
                  }
                ],
                "udp_options": []
              }
            ],
            "freeform_tags": {},
            "id": "ocid1.securitylist.oc1.iad.aaaaaaaatfaiq6skeopb3tqu6zm4s4ca52msa5dotecwrxr43fkjhf6cufca",
            "ingress_security_rules": [
              {
                "description": "",
                "icmp_options": [
                  {
                    "code": 4,
                    "type": 3
                  }
                ],
                "protocol": "1",
                "source": "10.0.1.0/24",
                "source_type": "CIDR_BLOCK",
                "stateless": false,
                "tcp_options": [],
                "udp_options": []
              },
              {
                "description": "",
                "icmp_options": [],
                "protocol": "6",
                "source": "0.0.0.0/0",
                "source_type": "CIDR_BLOCK",
                "stateless": false,
                "tcp_options": [
                  {
                    "max": 6443,
                    "min": 6443,
                    "source_port_range": []
                  }
                ],
                "udp_options": []
              },
              {
                "description": "",
                "icmp_options": [],
                "protocol": "6",
                "source": "10.0.1.0/24",
                "source_type": "CIDR_BLOCK",
                "stateless": false,
                "tcp_options": [
                  {
                    "max": 12250,
                    "min": 12250,
                    "source_port_range": []
                  }
                ],
                "udp_options": []
              },
              {
                "description": "",
                "icmp_options": [],
                "protocol": "6",
                "source": "10.0.1.0/24",
                "source_type": "CIDR_BLOCK",
                "stateless": false,
                "tcp_options": [
                  {
                    "max": 6443,
                    "min": 6443,
                    "source_port_range": []
                  }
                ],
                "udp_options": []
              }
            ],
            "state": "AVAILABLE",
            "time_created": "2024-04-13 15:12:41.897 +0000 UTC",
            "timeouts": null,
            "vcn_id": "ocid1.vcn.oc1.iad.amaaaaaasqpmftiasct7i7zjhzowbm5iumvm7rnu5lldmbdhp43l4elac6ia"
          },
          "sensitive_attributes": [],
          "private": "eyJlMmJmYjczMC1lY2FhLTExZTYtOGY4OC0zNDM2M2JjN2M0YzAiOnsiY3JlYXRlIjoxMjAwMDAwMDAwMDAwLCJkZWxldGUiOjEyMDAwMDAwMDAwMDAsInVwZGF0ZSI6MTIwMDAwMDAwMDAwMH19",
          "dependencies": [
            "module.oci-oke.data.oci_core_services.AllOCIServices",
            "module.oci-oke.oci_core_vcn.oke_vcn"
          ]
        }
      ]
    },
    {
      "module": "module.oci-oke",
      "mode": "managed",
      "type": "oci_core_security_list",
      "name": "oke_nodepool_subnet_sec_list",
      "provider": "provider[\"registry.terraform.io/oracle/oci\"]",
      "instances": [
        {
          "index_key": 0,
          "schema_version": 0,
          "attributes": {
            "compartment_id": "ocid1.tenancy.oc1..aaaaaaaapkzdu56vklg52dt3xorff77ifzj6q7fymbn3grmopdfh5rocvinq",
            "defined_tags": {
              "Oracle-Tags.CreatedBy": "default/jackson.f205@gmail.com",
              "Oracle-Tags.CreatedOn": "2024-04-13T15:12:41.841Z"
            },
            "display_name": "oke_nodepool_subnet_sec_list",
            "egress_security_rules": [
              {
                "description": "",
                "destination": "0.0.0.0/0",
                "destination_type": "CIDR_BLOCK",
                "icmp_options": [
                  {
                    "code": 4,
                    "type": 3
                  }
                ],
                "protocol": "1",
                "stateless": false,
                "tcp_options": [],
                "udp_options": []
              },
              {
                "description": "",
                "destination": "0.0.0.0/0",
                "destination_type": "CIDR_BLOCK",
                "icmp_options": [],
                "protocol": "6",
                "stateless": false,
                "tcp_options": [],
                "udp_options": []
              },
              {
                "description": "",
                "destination": "10.0.1.0/24",
                "destination_type": "CIDR_BLOCK",
                "icmp_options": [],
                "protocol": "all",
                "stateless": false,
                "tcp_options": [],
                "udp_options": []
              },
              {
                "description": "",
                "destination": "10.0.3.0/24",
                "destination_type": "CIDR_BLOCK",
                "icmp_options": [],
                "protocol": "6",
                "stateless": false,
                "tcp_options": [
                  {
                    "max": 12250,
                    "min": 12250,
                    "source_port_range": []
                  }
                ],
                "udp_options": []
              },
              {
                "description": "",
                "destination": "10.0.3.0/24",
                "destination_type": "CIDR_BLOCK",
                "icmp_options": [],
                "protocol": "6",
                "stateless": false,
                "tcp_options": [
                  {
                    "max": 6443,
                    "min": 6443,
                    "source_port_range": []
                  }
                ],
                "udp_options": []
              },
              {
                "description": "",
                "destination": "all-iad-services-in-oracle-services-network",
                "destination_type": "SERVICE_CIDR_BLOCK",
                "icmp_options": [],
                "protocol": "6",
                "stateless": false,
                "tcp_options": [],
                "udp_options": []
              }
            ],
            "freeform_tags": {},
            "id": "ocid1.securitylist.oc1.iad.aaaaaaaakesztp26hxvdlaqpyyed5ieohn7xo3o66scuv2gzuc3mxzr2lhzq",
            "ingress_security_rules": [
              {
                "description": "",
                "icmp_options": [
                  {
                    "code": 4,
                    "type": 3
                  }
                ],
                "protocol": "1",
                "source": "0.0.0.0/0",
                "source_type": "CIDR_BLOCK",
                "stateless": false,
                "tcp_options": [],
                "udp_options": []
              },
              {
                "description": "",
                "icmp_options": [],
                "protocol": "6",
                "source": "0.0.0.0/0",
                "source_type": "CIDR_BLOCK",
                "stateless": false,
                "tcp_options": [
                  {
                    "max": 22,
                    "min": 22,
                    "source_port_range": []
                  }
                ],
                "udp_options": []
              },
              {
                "description": "",
                "icmp_options": [],
                "protocol": "6",
                "source": "10.0.3.0/24",
                "source_type": "CIDR_BLOCK",
                "stateless": false,
                "tcp_options": [],
                "udp_options": []
              },
              {
                "description": "",
                "icmp_options": [],
                "protocol": "all",
                "source": "10.0.1.0/24",
                "source_type": "CIDR_BLOCK",
                "stateless": false,
                "tcp_options": [],
                "udp_options": []
              }
            ],
            "state": "AVAILABLE",
            "time_created": "2024-04-13 15:12:41.891 +0000 UTC",
            "timeouts": null,
            "vcn_id": "ocid1.vcn.oc1.iad.amaaaaaasqpmftiasct7i7zjhzowbm5iumvm7rnu5lldmbdhp43l4elac6ia"
          },
          "sensitive_attributes": [],
          "private": "eyJlMmJmYjczMC1lY2FhLTExZTYtOGY4OC0zNDM2M2JjN2M0YzAiOnsiY3JlYXRlIjoxMjAwMDAwMDAwMDAwLCJkZWxldGUiOjEyMDAwMDAwMDAwMDAsInVwZGF0ZSI6MTIwMDAwMDAwMDAwMH19",
          "dependencies": [
            "module.oci-oke.data.oci_core_services.AllOCIServices",
            "module.oci-oke.oci_core_vcn.oke_vcn"
          ]
        }
      ]
    },
    {
      "module": "module.oci-oke",
      "mode": "managed",
      "type": "oci_core_service_gateway",
      "name": "oke_sg",
      "provider": "provider[\"registry.terraform.io/oracle/oci\"]",
      "instances": [
        {
          "index_key": 0,
          "schema_version": 0,
          "attributes": {
            "block_traffic": false,
            "compartment_id": "ocid1.tenancy.oc1..aaaaaaaapkzdu56vklg52dt3xorff77ifzj6q7fymbn3grmopdfh5rocvinq",
            "defined_tags": {
              "Oracle-Tags.CreatedBy": "default/jackson.f205@gmail.com",
              "Oracle-Tags.CreatedOn": "2024-04-13T15:12:41.790Z"
            },
            "display_name": "oke_sg",
            "freeform_tags": {},
            "id": "ocid1.servicegateway.oc1.iad.aaaaaaaaxvhlwlpkxilz5nkmmn247kehvchjgmxyccem6u3y46zxwjenodwa",
            "route_table_id": null,
            "services": [
              {
                "service_id": "ocid1.service.oc1.iad.aaaaaaaam4zfmy2rjue6fmglumm3czgisxzrnvrwqeodtztg7hwa272mlfna",
                "service_name": "All IAD Services In Oracle Services Network"
              }
            ],
            "state": "AVAILABLE",
            "time_created": "2024-04-13 15:12:42.338 +0000 UTC",
            "timeouts": null,
            "vcn_id": "ocid1.vcn.oc1.iad.amaaaaaasqpmftiasct7i7zjhzowbm5iumvm7rnu5lldmbdhp43l4elac6ia"
          },
          "sensitive_attributes": [],
          "private": "eyJlMmJmYjczMC1lY2FhLTExZTYtOGY4OC0zNDM2M2JjN2M0YzAiOnsiY3JlYXRlIjoxMjAwMDAwMDAwMDAwLCJkZWxldGUiOjEyMDAwMDAwMDAwMDAsInVwZGF0ZSI6MTIwMDAwMDAwMDAwMH19",
          "dependencies": [
            "module.oci-oke.data.oci_core_services.AllOCIServices",
            "module.oci-oke.oci_core_vcn.oke_vcn"
          ]
        }
      ]
    },
    {
      "module": "module.oci-oke",
      "mode": "managed",
      "type": "oci_core_subnet",
      "name": "oke_api_endpoint_subnet",
      "provider": "provider[\"registry.terraform.io/oracle/oci\"]",
      "instances": [
        {
          "index_key": 0,
          "schema_version": 0,
          "attributes": {
            "availability_domain": null,
            "cidr_block": "10.0.3.0/24",
            "compartment_id": "ocid1.tenancy.oc1..aaaaaaaapkzdu56vklg52dt3xorff77ifzj6q7fymbn3grmopdfh5rocvinq",
            "defined_tags": {
              "Oracle-Tags.CreatedBy": "default/jackson.f205@gmail.com",
              "Oracle-Tags.CreatedOn": "2024-04-13T15:12:43.920Z"
            },
            "dhcp_options_id": "ocid1.dhcpoptions.oc1.iad.aaaaaaaaq4xip63l7sldpqva3al4w6ptgqrngpa3irwqktle4gso5vdw2kuq",
            "display_name": "oke_api_endpoint_subnet",
            "dns_label": null,
            "freeform_tags": {},
            "id": "ocid1.subnet.oc1.iad.aaaaaaaa4taqjwacg5vlphhyesm36eo7pburvx5fii7jyraf2wxdaogjryfa",
            "ipv6cidr_block": null,
            "ipv6cidr_blocks": [],
            "ipv6virtual_router_ip": null,
            "prohibit_internet_ingress": false,
            "prohibit_public_ip_on_vnic": false,
            "route_table_id": "ocid1.routetable.oc1.iad.aaaaaaaadwejeddlvsned5qcbgip7tpik3nsamu3lk6zqpmbt7khv7mqbaoa",
            "security_list_ids": [
              "ocid1.securitylist.oc1.iad.aaaaaaaatfaiq6skeopb3tqu6zm4s4ca52msa5dotecwrxr43fkjhf6cufca",
              "ocid1.securitylist.oc1.iad.aaaaaaaaybpyw273lffqiur2afmk6vl5itgoiojqme4gx7x4wo2l5eeyocqq"
            ],
            "state": "AVAILABLE",
            "subnet_domain_name": null,
            "time_created": "2024-04-13 15:12:43.974 +0000 UTC",
            "timeouts": null,
            "vcn_id": "ocid1.vcn.oc1.iad.amaaaaaasqpmftiasct7i7zjhzowbm5iumvm7rnu5lldmbdhp43l4elac6ia",
            "virtual_router_ip": "10.0.3.1",
            "virtual_router_mac": "00:00:17:1E:72:3F"
          },
          "sensitive_attributes": [],
          "private": "eyJlMmJmYjczMC1lY2FhLTExZTYtOGY4OC0zNDM2M2JjN2M0YzAiOnsiY3JlYXRlIjoxMjAwMDAwMDAwMDAwLCJkZWxldGUiOjEyMDAwMDAwMDAwMDAsInVwZGF0ZSI6MTIwMDAwMDAwMDAwMH19",
          "dependencies": [
            "module.oci-oke.data.oci_core_services.AllOCIServices",
            "module.oci-oke.oci_core_internet_gateway.oke_igw",
            "module.oci-oke.oci_core_nat_gateway.oke_natgw",
            "module.oci-oke.oci_core_route_table.oke_rt_via_igw",
            "module.oci-oke.oci_core_route_table.oke_rt_via_natgw_and_sg",
            "module.oci-oke.oci_core_security_list.oke_api_endpoint_subnet_sec_list",
            "module.oci-oke.oci_core_service_gateway.oke_sg",
            "module.oci-oke.oci_core_vcn.oke_vcn"
          ]
        }
      ]
    },
    {
      "module": "module.oci-oke",
      "mode": "managed",
      "type": "oci_core_subnet",
      "name": "oke_lb_subnet",
      "provider": "provider[\"registry.terraform.io/oracle/oci\"]",
      "instances": [
        {
          "index_key": 0,
          "schema_version": 0,
          "attributes": {
            "availability_domain": null,
            "cidr_block": "10.0.2.0/24",
            "compartment_id": "ocid1.tenancy.oc1..aaaaaaaapkzdu56vklg52dt3xorff77ifzj6q7fymbn3grmopdfh5rocvinq",
            "defined_tags": {
              "Oracle-Tags.CreatedBy": "default/jackson.f205@gmail.com",
              "Oracle-Tags.CreatedOn": "2024-04-13T15:12:43.869Z"
            },
            "dhcp_options_id": "ocid1.dhcpoptions.oc1.iad.aaaaaaaaq4xip63l7sldpqva3al4w6ptgqrngpa3irwqktle4gso5vdw2kuq",
            "display_name": "oke_lb_subnet",
            "dns_label": null,
            "freeform_tags": {},
            "id": "ocid1.subnet.oc1.iad.aaaaaaaaa73nliy6oqc5cfth4kcxh3v2phnge7ervyc2fty3zrifhonzqkrq",
            "ipv6cidr_block": null,
            "ipv6cidr_blocks": [],
            "ipv6virtual_router_ip": null,
            "prohibit_internet_ingress": false,
            "prohibit_public_ip_on_vnic": false,
            "route_table_id": "ocid1.routetable.oc1.iad.aaaaaaaadwejeddlvsned5qcbgip7tpik3nsamu3lk6zqpmbt7khv7mqbaoa",
            "security_list_ids": [
              "ocid1.securitylist.oc1.iad.aaaaaaaaybpyw273lffqiur2afmk6vl5itgoiojqme4gx7x4wo2l5eeyocqq"
            ],
            "state": "AVAILABLE",
            "subnet_domain_name": null,
            "time_created": "2024-04-13 15:12:44.918 +0000 UTC",
            "timeouts": null,
            "vcn_id": "ocid1.vcn.oc1.iad.amaaaaaasqpmftiasct7i7zjhzowbm5iumvm7rnu5lldmbdhp43l4elac6ia",
            "virtual_router_ip": "10.0.2.1",
            "virtual_router_mac": "00:00:17:1E:72:3F"
          },
          "sensitive_attributes": [],
          "private": "eyJlMmJmYjczMC1lY2FhLTExZTYtOGY4OC0zNDM2M2JjN2M0YzAiOnsiY3JlYXRlIjoxMjAwMDAwMDAwMDAwLCJkZWxldGUiOjEyMDAwMDAwMDAwMDAsInVwZGF0ZSI6MTIwMDAwMDAwMDAwMH19",
          "dependencies": [
            "module.oci-oke.data.oci_core_services.AllOCIServices",
            "module.oci-oke.oci_core_internet_gateway.oke_igw",
            "module.oci-oke.oci_core_nat_gateway.oke_natgw",
            "module.oci-oke.oci_core_route_table.oke_rt_via_igw",
            "module.oci-oke.oci_core_route_table.oke_rt_via_natgw_and_sg",
            "module.oci-oke.oci_core_service_gateway.oke_sg",
            "module.oci-oke.oci_core_vcn.oke_vcn"
          ]
        }
      ]
    },
    {
      "module": "module.oci-oke",
      "mode": "managed",
      "type": "oci_core_subnet",
      "name": "oke_nodepool_subnet",
      "provider": "provider[\"registry.terraform.io/oracle/oci\"]",
      "instances": [
        {
          "index_key": 0,
          "schema_version": 0,
          "attributes": {
            "availability_domain": null,
            "cidr_block": "10.0.1.0/24",
            "compartment_id": "ocid1.tenancy.oc1..aaaaaaaapkzdu56vklg52dt3xorff77ifzj6q7fymbn3grmopdfh5rocvinq",
            "defined_tags": {
              "Oracle-Tags.CreatedBy": "default/jackson.f205@gmail.com",
              "Oracle-Tags.CreatedOn": "2024-04-13T15:12:44.432Z"
            },
            "dhcp_options_id": "ocid1.dhcpoptions.oc1.iad.aaaaaaaaq4xip63l7sldpqva3al4w6ptgqrngpa3irwqktle4gso5vdw2kuq",
            "display_name": "oke_nodepool_subnet",
            "dns_label": null,
            "freeform_tags": {},
            "id": "ocid1.subnet.oc1.iad.aaaaaaaabes3gn2mxibfiui5juinmln3s4ojlnzsu5arg7qszuutujsk3mdq",
            "ipv6cidr_block": null,
            "ipv6cidr_blocks": [],
            "ipv6virtual_router_ip": null,
            "prohibit_internet_ingress": false,
            "prohibit_public_ip_on_vnic": false,
            "route_table_id": "ocid1.routetable.oc1.iad.aaaaaaaadwejeddlvsned5qcbgip7tpik3nsamu3lk6zqpmbt7khv7mqbaoa",
            "security_list_ids": [
              "ocid1.securitylist.oc1.iad.aaaaaaaakesztp26hxvdlaqpyyed5ieohn7xo3o66scuv2gzuc3mxzr2lhzq",
              "ocid1.securitylist.oc1.iad.aaaaaaaaybpyw273lffqiur2afmk6vl5itgoiojqme4gx7x4wo2l5eeyocqq"
            ],
            "state": "AVAILABLE",
            "subnet_domain_name": null,
            "time_created": "2024-04-13 15:12:44.491 +0000 UTC",
            "timeouts": null,
            "vcn_id": "ocid1.vcn.oc1.iad.amaaaaaasqpmftiasct7i7zjhzowbm5iumvm7rnu5lldmbdhp43l4elac6ia",
            "virtual_router_ip": "10.0.1.1",
            "virtual_router_mac": "00:00:17:1E:72:3F"
          },
          "sensitive_attributes": [],
          "private": "eyJlMmJmYjczMC1lY2FhLTExZTYtOGY4OC0zNDM2M2JjN2M0YzAiOnsiY3JlYXRlIjoxMjAwMDAwMDAwMDAwLCJkZWxldGUiOjEyMDAwMDAwMDAwMDAsInVwZGF0ZSI6MTIwMDAwMDAwMDAwMH19",
          "dependencies": [
            "module.oci-oke.data.oci_core_services.AllOCIServices",
            "module.oci-oke.oci_core_internet_gateway.oke_igw",
            "module.oci-oke.oci_core_nat_gateway.oke_natgw",
            "module.oci-oke.oci_core_route_table.oke_rt_via_igw",
            "module.oci-oke.oci_core_route_table.oke_rt_via_natgw_and_sg",
            "module.oci-oke.oci_core_security_list.oke_nodepool_subnet_sec_list",
            "module.oci-oke.oci_core_service_gateway.oke_sg",
            "module.oci-oke.oci_core_vcn.oke_vcn"
          ]
        }
      ]
    },
    {
      "module": "module.oci-oke",
      "mode": "managed",
      "type": "oci_core_vcn",
      "name": "oke_vcn",
      "provider": "provider[\"registry.terraform.io/oracle/oci\"]",
      "instances": [
        {
          "index_key": 0,
          "schema_version": 0,
          "attributes": {
            "byoipv6cidr_blocks": [],
            "byoipv6cidr_details": null,
            "cidr_block": "10.0.0.0/16",
            "cidr_blocks": [
              "10.0.0.0/16"
            ],
            "compartment_id": "ocid1.tenancy.oc1..aaaaaaaapkzdu56vklg52dt3xorff77ifzj6q7fymbn3grmopdfh5rocvinq",
            "default_dhcp_options_id": "ocid1.dhcpoptions.oc1.iad.aaaaaaaaq4xip63l7sldpqva3al4w6ptgqrngpa3irwqktle4gso5vdw2kuq",
            "default_route_table_id": "ocid1.routetable.oc1.iad.aaaaaaaa6i5bsps4fu6466o5oaufisdzixkd2buegxk5qeu4kc2zxtcjkl4q",
            "default_security_list_id": "ocid1.securitylist.oc1.iad.aaaaaaaaybpyw273lffqiur2afmk6vl5itgoiojqme4gx7x4wo2l5eeyocqq",
            "defined_tags": {
              "Oracle-Tags.CreatedBy": "default/jackson.f205@gmail.com",
              "Oracle-Tags.CreatedOn": "2024-04-13T15:12:40.455Z"
            },
            "display_name": "oke_vcn",
            "dns_label": null,
            "freeform_tags": {},
            "id": "ocid1.vcn.oc1.iad.amaaaaaasqpmftiasct7i7zjhzowbm5iumvm7rnu5lldmbdhp43l4elac6ia",
            "ipv6cidr_blocks": [],
            "ipv6private_cidr_blocks": [],
            "is_ipv6enabled": false,
            "is_oracle_gua_allocation_enabled": null,
            "state": "AVAILABLE",
            "time_created": "2024-04-13 15:12:40.53 +0000 UTC",
            "timeouts": null,
            "vcn_domain_name": null
          },
          "sensitive_attributes": [],
          "private": "eyJlMmJmYjczMC1lY2FhLTExZTYtOGY4OC0zNDM2M2JjN2M0YzAiOnsiY3JlYXRlIjoxMjAwMDAwMDAwMDAwLCJkZWxldGUiOjEyMDAwMDAwMDAwMDAsInVwZGF0ZSI6MTIwMDAwMDAwMDAwMH19"
        }
      ]
    },
    {
      "module": "module.oci-oke",
      "mode": "managed",
      "type": "tls_private_key",
      "name": "public_private_key_pair",
      "provider": "provider[\"registry.terraform.io/hashicorp/tls\"]",
      "instances": [
        {
          "schema_version": 1,
          "attributes": {
            "algorithm": "RSA",
            "ecdsa_curve": "P224",
            "id": "d8e59af3e8c85099ebcfb94039421d6975d9ab60",
            "private_key_openssh": "-----BEGIN OPENSSH PRIVATE KEY-----\nb3BlbnNzaC1rZXktdjEAAAAABG5vbmUAAAAEbm9uZQAAAAAAAAABAAABFwAAAAdz\nc2gtcnNhAAAAAwEAAQAAAQEAnFbsgMf9vIEvQrr+b8yyMTkZb51kN316ykfFCe3J\nJOBGelsyjrwT9w+bkDtkC7csqt1sOr6K+gHDOqCTt+cGIFhey4fmAdWyEcSDuNNB\nkSYm+qaf3fCswMPHQbMCbBuzC5vXL324L1P7hXzl1ldjVOQlxfWQR/YCzO5X9Ebh\nXyXVE6mWWYGWAKZglmLYUEVd7XzskyvXygD2NyesshrK8YEP80TrVjLB2BMnXM0j\nOKAAnFPiB5vg0vCyj7S/2K4hVFr7eg7Q7dDVmxj/3EY6ubJRkHbHul77Rd+7LtIC\ntfbr+RPXTxGt0MqXYfWubyo9rESiAZCC5VBtyuAL4pXmxwAAA7jyaFb08mhW9AAA\nAAdzc2gtcnNhAAABAQCcVuyAx/28gS9Cuv5vzLIxORlvnWQ3fXrKR8UJ7ckk4EZ6\nWzKOvBP3D5uQO2QLtyyq3Ww6vor6AcM6oJO35wYgWF7Lh+YB1bIRxIO400GRJib6\npp/d8KzAw8dBswJsG7MLm9cvfbgvU/uFfOXWV2NU5CXF9ZBH9gLM7lf0RuFfJdUT\nqZZZgZYApmCWYthQRV3tfOyTK9fKAPY3J6yyGsrxgQ/zROtWMsHYEydczSM4oACc\nU+IHm+DS8LKPtL/YriFUWvt6DtDt0NWbGP/cRjq5slGQdse6XvtF37su0gK19uv5\nE9dPEa3Qypdh9a5vKj2sRKIBkILlUG3K4AvilebHAAAAAwEAAQAAAQBE0AW9EUnf\npMTWjFPdha2Q+N73P8GSowpe6oQRwLXeI1EiHe384U+wWRBRxbJdbbydYGR43tFx\nBUGXFoKuWWNa7UqcLy7P8+0y4NpRibq8Vpylip2nJH4FQqb7hf009GQ0Yd2vK5jc\nTAzTTowjccdo4Bq4LUPaSLAm32mbPW+JXv9iGcZ9Oog0618FsScUos15LqHD0IK8\nHEYLzLIIyUjS6Vud72gMX/nCHg6yg+u6LZw/KYGMhhFOLK3XEyPht98M93oy35xc\nfLtVEMgXVG6SaHJc/cvVV7kJl9qX01AUfUvHPzYypI3DXq4aPFBZd5MTXv63P7pn\nrpbfLjGYzschAAAAgQCTmntv3KAoKjXMxEEO8QaA4ENiH18o9zQlN0RnImkn6Fgz\nOpueQGG3ltBZcTqDINS8VfxYmgrSu3gUBkZoQVPyKRf2ZeeT0Bud3fn50wxvf1Y0\n/r2PAOHKRX+y12nCqDQqyahB8+wwKUrhl3WhGfn9ZTIWbHVaLWDvq9HLlB2DBAAA\nAIEAwo3PJREA/GHmCfuLijPkj3fKslX+YwzgfLuOao91KFouA3QcPi5HSaaPoLS+\nH2NkJmIGHEgTDBYuuLf/k6wL98OJ1LIWk7MdQtZ5Jc91v2XoRprXbQLc3O24UwR3\noHuJz2L6i0QZgUmILmgVdjruUxwmrnMzJ52D7xeCQ3IkHQ8AAACBAM23YbSmsILD\ng5423+yrGjLDDBopa4VYwzxDrm9UecedW4vNSGUPSIvb5GUogXqX7uMdBPnKC6ne\nzR9ZbfiayeD2jVIRoaoM2FD0edJ84S9RGZtNhCeozEWzbmuzTvi+wPUkbDWk9PCf\n7VwHU4O/X1tnyifTdZHiCFLF2g68X4rJAAAAAAEC\n-----END OPENSSH PRIVATE KEY-----\n",
            "private_key_pem": "-----BEGIN RSA PRIVATE KEY-----\nMIIEowIBAAKCAQEAnFbsgMf9vIEvQrr+b8yyMTkZb51kN316ykfFCe3JJOBGelsy\njrwT9w+bkDtkC7csqt1sOr6K+gHDOqCTt+cGIFhey4fmAdWyEcSDuNNBkSYm+qaf\n3fCswMPHQbMCbBuzC5vXL324L1P7hXzl1ldjVOQlxfWQR/YCzO5X9EbhXyXVE6mW\nWYGWAKZglmLYUEVd7XzskyvXygD2NyesshrK8YEP80TrVjLB2BMnXM0jOKAAnFPi\nB5vg0vCyj7S/2K4hVFr7eg7Q7dDVmxj/3EY6ubJRkHbHul77Rd+7LtICtfbr+RPX\nTxGt0MqXYfWubyo9rESiAZCC5VBtyuAL4pXmxwIDAQABAoIBAETQBb0RSd+kxNaM\nU92FrZD43vc/wZKjCl7qhBHAtd4jUSId7fzhT7BZEFHFsl1tvJ1gZHje0XEFQZcW\ngq5ZY1rtSpwvLs/z7TLg2lGJurxWnKWKnackfgVCpvuF/TT0ZDRh3a8rmNxMDNNO\njCNxx2jgGrgtQ9pIsCbfaZs9b4le/2IZxn06iDTrXwWxJxSizXkuocPQgrwcRgvM\nsgjJSNLpW53vaAxf+cIeDrKD67otnD8pgYyGEU4srdcTI+G33wz3ejLfnFx8u1UQ\nyBdUbpJoclz9y9VXuQmX2pfTUBR9S8c/NjKkjcNerho8UFl3kxNe/rc/umeult8u\nMZjOxyECgYEAwo3PJREA/GHmCfuLijPkj3fKslX+YwzgfLuOao91KFouA3QcPi5H\nSaaPoLS+H2NkJmIGHEgTDBYuuLf/k6wL98OJ1LIWk7MdQtZ5Jc91v2XoRprXbQLc\n3O24UwR3oHuJz2L6i0QZgUmILmgVdjruUxwmrnMzJ52D7xeCQ3IkHQ8CgYEAzbdh\ntKawgsODnjbf7KsaMsMMGilrhVjDPEOub1R5x51bi81IZQ9Ii9vkZSiBepfu4x0E\n+coLqd7NH1lt+JrJ4PaNUhGhqgzYUPR50nzhL1EZm02EJ6jMRbNua7NO+L7A9SRs\nNaT08J/tXAdTg79fW2fKJ9N1keIIUsXaDrxfiskCgYBeDHFjiLnCR40NrFUDRRyr\nIgyRczKbLUFj6sLozlqjXBy8PKfegz6g4uyxkk4KHGDwkRhFGa5jfGGvl/rrpxLN\n/e+mK0Twt3hgtA8ycPyJvrivUPDs2KJuBljBgPpXUQEIiN927T+rGSHE1TnywoAt\nGwGz+Sp0bxe1P9cPxaChjwKBgBrx0hJfYu89vJeUiG/vWVccxREIK9Ujcy8Jjmd2\noRzMN5lwIfNatR3ch2XYkF0GWXvV6TjuheiSDjv08rqFS7vzjz8YoBwt4od3/hzb\nzoLsFHaLCKxJJ7hZcDUbH1TlZ1C0nJfKK2r5B5XuP7oZ7tuCFLByuguJl51/3Lfh\nZIJBAoGBAJOae2/coCgqNczEQQ7xBoDgQ2IfXyj3NCU3RGciaSfoWDM6m55AYbeW\n0FlxOoMg1LxV/FiaCtK7eBQGRmhBU/IpF/Zl55PQG53d+fnTDG9/VjT+vY8A4cpF\nf7LXacKoNCrJqEHz7DApSuGXdaEZ+f1lMhZsdVotYO+r0cuUHYME\n-----END RSA PRIVATE KEY-----\n",
            "private_key_pem_pkcs8": "-----BEGIN PRIVATE KEY-----\nMIIEvQIBADANBgkqhkiG9w0BAQEFAASCBKcwggSjAgEAAoIBAQCcVuyAx/28gS9C\nuv5vzLIxORlvnWQ3fXrKR8UJ7ckk4EZ6WzKOvBP3D5uQO2QLtyyq3Ww6vor6AcM6\noJO35wYgWF7Lh+YB1bIRxIO400GRJib6pp/d8KzAw8dBswJsG7MLm9cvfbgvU/uF\nfOXWV2NU5CXF9ZBH9gLM7lf0RuFfJdUTqZZZgZYApmCWYthQRV3tfOyTK9fKAPY3\nJ6yyGsrxgQ/zROtWMsHYEydczSM4oACcU+IHm+DS8LKPtL/YriFUWvt6DtDt0NWb\nGP/cRjq5slGQdse6XvtF37su0gK19uv5E9dPEa3Qypdh9a5vKj2sRKIBkILlUG3K\n4AvilebHAgMBAAECggEARNAFvRFJ36TE1oxT3YWtkPje9z/BkqMKXuqEEcC13iNR\nIh3t/OFPsFkQUcWyXW28nWBkeN7RcQVBlxaCrlljWu1KnC8uz/PtMuDaUYm6vFac\npYqdpyR+BUKm+4X9NPRkNGHdryuY3EwM006MI3HHaOAauC1D2kiwJt9pmz1viV7/\nYhnGfTqINOtfBbEnFKLNeS6hw9CCvBxGC8yyCMlI0ulbne9oDF/5wh4OsoPrui2c\nPymBjIYRTiyt1xMj4bffDPd6Mt+cXHy7VRDIF1RukmhyXP3L1Ve5CZfal9NQFH1L\nxz82MqSNw16uGjxQWXeTE17+tz+6Z66W3y4xmM7HIQKBgQDCjc8lEQD8YeYJ+4uK\nM+SPd8qyVf5jDOB8u45qj3UoWi4DdBw+LkdJpo+gtL4fY2QmYgYcSBMMFi64t/+T\nrAv3w4nUshaTsx1C1nklz3W/ZehGmtdtAtzc7bhTBHege4nPYvqLRBmBSYguaBV2\nOu5THCauczMnnYPvF4JDciQdDwKBgQDNt2G0prCCw4OeNt/sqxoywwwaKWuFWMM8\nQ65vVHnHnVuLzUhlD0iL2+RlKIF6l+7jHQT5ygup3s0fWW34msng9o1SEaGqDNhQ\n9HnSfOEvURmbTYQnqMxFs25rs074vsD1JGw1pPTwn+1cB1ODv19bZ8on03WR4ghS\nxdoOvF+KyQKBgF4McWOIucJHjQ2sVQNFHKsiDJFzMpstQWPqwujOWqNcHLw8p96D\nPqDi7LGSTgocYPCRGEUZrmN8Ya+X+uunEs3976YrRPC3eGC0DzJw/Im+uK9Q8OzY\nom4GWMGA+ldRAQiI33btP6sZIcTVOfLCgC0bAbP5KnRvF7U/1w/FoKGPAoGAGvHS\nEl9i7z28l5SIb+9ZVxzFEQgr1SNzLwmOZ3ahHMw3mXAh81q1HdyHZdiQXQZZe9Xp\nOO6F6JIOO/TyuoVLu/OPPxigHC3ih3f+HNvOguwUdosIrEknuFlwNRsfVOVnULSc\nl8oravkHle4/uhnu24IUsHK6C4mXnX/ct+FkgkECgYEAk5p7b9ygKCo1zMRBDvEG\ngOBDYh9fKPc0JTdEZyJpJ+hYMzqbnkBht5bQWXE6gyDUvFX8WJoK0rt4FAZGaEFT\n8ikX9mXnk9Abnd35+dMMb39WNP69jwDhykV/stdpwqg0KsmoQfPsMClK4Zd1oRn5\n/WUyFmx1Wi1g76vRy5QdgwQ=\n-----END PRIVATE KEY-----\n",
            "public_key_fingerprint_md5": "9f:28:e8:b9:97:cb:3b:65:bb:38:a2:73:46:60:f8:18",
            "public_key_fingerprint_sha256": "SHA256:lk+iot+30E8JbBqRN6lzvW0200wCdb5iLoa5qlux3X4",
            "public_key_openssh": "ssh-rsa AAAAB3NzaC1yc2EAAAADAQABAAABAQCcVuyAx/28gS9Cuv5vzLIxORlvnWQ3fXrKR8UJ7ckk4EZ6WzKOvBP3D5uQO2QLtyyq3Ww6vor6AcM6oJO35wYgWF7Lh+YB1bIRxIO400GRJib6pp/d8KzAw8dBswJsG7MLm9cvfbgvU/uFfOXWV2NU5CXF9ZBH9gLM7lf0RuFfJdUTqZZZgZYApmCWYthQRV3tfOyTK9fKAPY3J6yyGsrxgQ/zROtWMsHYEydczSM4oACcU+IHm+DS8LKPtL/YriFUWvt6DtDt0NWbGP/cRjq5slGQdse6XvtF37su0gK19uv5E9dPEa3Qypdh9a5vKj2sRKIBkILlUG3K4AvilebH\n",
            "public_key_pem": "-----BEGIN PUBLIC KEY-----\nMIIBIjANBgkqhkiG9w0BAQEFAAOCAQ8AMIIBCgKCAQEAnFbsgMf9vIEvQrr+b8yy\nMTkZb51kN316ykfFCe3JJOBGelsyjrwT9w+bkDtkC7csqt1sOr6K+gHDOqCTt+cG\nIFhey4fmAdWyEcSDuNNBkSYm+qaf3fCswMPHQbMCbBuzC5vXL324L1P7hXzl1ldj\nVOQlxfWQR/YCzO5X9EbhXyXVE6mWWYGWAKZglmLYUEVd7XzskyvXygD2NyesshrK\n8YEP80TrVjLB2BMnXM0jOKAAnFPiB5vg0vCyj7S/2K4hVFr7eg7Q7dDVmxj/3EY6\nubJRkHbHul77Rd+7LtICtfbr+RPXTxGt0MqXYfWubyo9rESiAZCC5VBtyuAL4pXm\nxwIDAQAB\n-----END PUBLIC KEY-----\n",
            "rsa_bits": 2048
          },
          "sensitive_attributes": []
        }
      ]
    }
  ],
  "check_results": [
    {
      "object_kind": "var",
      "config_addr": "module.oci-oke.var.cluster_type",
      "status": "pass",
      "objects": [
        {
          "object_addr": "module.oci-oke.var.cluster_type",
          "status": "pass"
        }
      ]
    }
  ]
}
